// !$*UTF8*$!
{
	archiveVersion = 1;
	classes = {
	};
	objectVersion = 51;
	objects = {

/* Begin PBXBuildFile section */
		165F464625DEFD728A09BFD0 /* Pods_Shared_UI.framework in Frameworks */ = {isa = PBXBuildFile; fileRef = 240A5E47BD0808EF5938F7B6 /* Pods_Shared_UI.framework */; };
		4F81771AF17EBF3F640B78FC /* Pods_Shared_Core.framework in Frameworks */ = {isa = PBXBuildFile; fileRef = 7BD3360C2026DB0FD1C38A81 /* Pods_Shared_Core.framework */; };
		7C5B68F218BD8C5528E779E9 /* Pods_Shared_NebulaTest.framework in Frameworks */ = {isa = PBXBuildFile; fileRef = 62E338916D0D6A0253719BE6 /* Pods_Shared_NebulaTest.framework */; };
		88F5F161243322DF009B3BAE /* AppDelegate.swift in Sources */ = {isa = PBXBuildFile; fileRef = 88F5F160243322DF009B3BAE /* AppDelegate.swift */; };
		88F5F16A243322E1009B3BAE /* Assets.xcassets in Resources */ = {isa = PBXBuildFile; fileRef = 88F5F169243322E1009B3BAE /* Assets.xcassets */; };
		88F5F16D243322E1009B3BAE /* LaunchScreen.storyboard in Resources */ = {isa = PBXBuildFile; fileRef = 88F5F16B243322E1009B3BAE /* LaunchScreen.storyboard */; };
		88F5F17D243327DE009B3BAE /* Core.h in Headers */ = {isa = PBXBuildFile; fileRef = 88F5F17B243327DE009B3BAE /* Core.h */; settings = {ATTRIBUTES = (Public, ); }; };
		88F5F180243327DE009B3BAE /* Core.framework in Frameworks */ = {isa = PBXBuildFile; fileRef = 88F5F179243327DE009B3BAE /* Core.framework */; };
		88F5F181243327DE009B3BAE /* Core.framework in Embed Frameworks */ = {isa = PBXBuildFile; fileRef = 88F5F179243327DE009B3BAE /* Core.framework */; settings = {ATTRIBUTES = (CodeSignOnCopy, RemoveHeadersOnCopy, ); }; };
		88F5F18F243327E6009B3BAE /* UI.h in Headers */ = {isa = PBXBuildFile; fileRef = 88F5F18D243327E6009B3BAE /* UI.h */; settings = {ATTRIBUTES = (Public, ); }; };
		88F5F192243327E6009B3BAE /* UI.framework in Frameworks */ = {isa = PBXBuildFile; fileRef = 88F5F18B243327E6009B3BAE /* UI.framework */; };
		88F5F193243327E6009B3BAE /* UI.framework in Embed Frameworks */ = {isa = PBXBuildFile; fileRef = 88F5F18B243327E6009B3BAE /* UI.framework */; settings = {ATTRIBUTES = (CodeSignOnCopy, RemoveHeadersOnCopy, ); }; };
		88F5F19924332946009B3BAE /* NiblessController.swift in Sources */ = {isa = PBXBuildFile; fileRef = 88F5F19824332946009B3BAE /* NiblessController.swift */; };
		88F5F19D24332963009B3BAE /* EventNode.swift in Sources */ = {isa = PBXBuildFile; fileRef = 88F5F19B24332963009B3BAE /* EventNode.swift */; };
		88F5F19E24332963009B3BAE /* Coordinator.swift in Sources */ = {isa = PBXBuildFile; fileRef = 88F5F19C24332963009B3BAE /* Coordinator.swift */; };
		88F5F1A12433298A009B3BAE /* ApplicationServicesManager.swift in Sources */ = {isa = PBXBuildFile; fileRef = 88F5F1A02433298A009B3BAE /* ApplicationServicesManager.swift */; };
		88F5F1A324332991009B3BAE /* CoordinatorApplicationService.swift in Sources */ = {isa = PBXBuildFile; fileRef = 88F5F1A224332991009B3BAE /* CoordinatorApplicationService.swift */; };
		88F5F1A5243329B4009B3BAE /* HasCustomView.swift in Sources */ = {isa = PBXBuildFile; fileRef = 88F5F1A4243329B4009B3BAE /* HasCustomView.swift */; };
		88F5F1AA24332A33009B3BAE /* ApplicationFlowAssembly.swift in Sources */ = {isa = PBXBuildFile; fileRef = 88F5F1A724332A33009B3BAE /* ApplicationFlowAssembly.swift */; };
		88F5F1AB24332A33009B3BAE /* ApplicationFlowStrategy.swift in Sources */ = {isa = PBXBuildFile; fileRef = 88F5F1A824332A33009B3BAE /* ApplicationFlowStrategy.swift */; };
		88F5F1AC24332A33009B3BAE /* ApplicationFlowCoordinator.swift in Sources */ = {isa = PBXBuildFile; fileRef = 88F5F1A924332A33009B3BAE /* ApplicationFlowCoordinator.swift */; };
		88F5F1AE24332B17009B3BAE /* Resolver+Autoresolve.swift in Sources */ = {isa = PBXBuildFile; fileRef = 88F5F1AD24332B17009B3BAE /* Resolver+Autoresolve.swift */; };
		88F5F1B224332B40009B3BAE /* AuthAssembly.swift in Sources */ = {isa = PBXBuildFile; fileRef = 88F5F1B024332B40009B3BAE /* AuthAssembly.swift */; };
		88F5F1B324332B40009B3BAE /* AuthFlowCoordinator.swift in Sources */ = {isa = PBXBuildFile; fileRef = 88F5F1B124332B40009B3BAE /* AuthFlowCoordinator.swift */; };
		88F5F1B824332B90009B3BAE /* MainAssembly.swift in Sources */ = {isa = PBXBuildFile; fileRef = 88F5F1B624332B90009B3BAE /* MainAssembly.swift */; };
		88F5F1B924332B90009B3BAE /* MainFlowCoordinator.swift in Sources */ = {isa = PBXBuildFile; fileRef = 88F5F1B724332B90009B3BAE /* MainFlowCoordinator.swift */; };
		88F5F1C024332C11009B3BAE /* UITableView+Reusable.swift in Sources */ = {isa = PBXBuildFile; fileRef = 88F5F1BD24332C11009B3BAE /* UITableView+Reusable.swift */; };
		88F5F1C124332C11009B3BAE /* Reusable.swift in Sources */ = {isa = PBXBuildFile; fileRef = 88F5F1BE24332C11009B3BAE /* Reusable.swift */; };
		88F5F1C224332C11009B3BAE /* UICollectionView+Reusable.swift in Sources */ = {isa = PBXBuildFile; fileRef = 88F5F1BF24332C11009B3BAE /* UICollectionView+Reusable.swift */; };
		88F5F1C724332C37009B3BAE /* NiblessCell.swift in Sources */ = {isa = PBXBuildFile; fileRef = 88F5F1C424332C37009B3BAE /* NiblessCell.swift */; };
		88F5F1C824332C37009B3BAE /* Autolayout.swift in Sources */ = {isa = PBXBuildFile; fileRef = 88F5F1C524332C37009B3BAE /* Autolayout.swift */; };
		88F5F1C924332C37009B3BAE /* NiblessView.swift in Sources */ = {isa = PBXBuildFile; fileRef = 88F5F1C624332C37009B3BAE /* NiblessView.swift */; };
		88F5F1CB24332C5F009B3BAE /* Constants.swift in Sources */ = {isa = PBXBuildFile; fileRef = 88F5F1CA24332C5F009B3BAE /* Constants.swift */; };
		88F5F1CF24332CBD009B3BAE /* KeychainService.swift in Sources */ = {isa = PBXBuildFile; fileRef = 88F5F1CE24332CBD009B3BAE /* KeychainService.swift */; };
		88F5F1D724332CEA009B3BAE /* UserSessionController.swift in Sources */ = {isa = PBXBuildFile; fileRef = 88F5F1D124332CEA009B3BAE /* UserSessionController.swift */; };
		88F5F1D824332CEA009B3BAE /* TokensStorage.swift in Sources */ = {isa = PBXBuildFile; fileRef = 88F5F1D224332CEA009B3BAE /* TokensStorage.swift */; };
		88F5F1D924332CEA009B3BAE /* UserSession.swift in Sources */ = {isa = PBXBuildFile; fileRef = 88F5F1D324332CEA009B3BAE /* UserSession.swift */; };
		88F5F1DA24332CEA009B3BAE /* SessionInfo.swift in Sources */ = {isa = PBXBuildFile; fileRef = 88F5F1D424332CEA009B3BAE /* SessionInfo.swift */; };
		88F5F1DB24332CEA009B3BAE /* TokensStoragable.swift in Sources */ = {isa = PBXBuildFile; fileRef = 88F5F1D524332CEA009B3BAE /* TokensStoragable.swift */; };
		88F5F1DE2433338B009B3BAE /* AuthViewController.swift in Sources */ = {isa = PBXBuildFile; fileRef = 88F5F1DC2433338B009B3BAE /* AuthViewController.swift */; };
		88F5F1DF2433338B009B3BAE /* AuthModel.swift in Sources */ = {isa = PBXBuildFile; fileRef = 88F5F1DD2433338B009B3BAE /* AuthModel.swift */; };
		88F5F1E124333401009B3BAE /* AuthView.swift in Sources */ = {isa = PBXBuildFile; fileRef = 88F5F1E024333401009B3BAE /* AuthView.swift */; };
		88F5F1E4243339E8009B3BAE /* Alert.swift in Sources */ = {isa = PBXBuildFile; fileRef = 88F5F1E3243339E8009B3BAE /* Alert.swift */; };
		88F5F1E624333A03009B3BAE /* ApplicationAlert.swift in Sources */ = {isa = PBXBuildFile; fileRef = 88F5F1E524333A03009B3BAE /* ApplicationAlert.swift */; };
		88F5F1E824333A5E009B3BAE /* Spinner.swift in Sources */ = {isa = PBXBuildFile; fileRef = 88F5F1E724333A5D009B3BAE /* Spinner.swift */; };
		88F5F1EA24333A6B009B3BAE /* SpinnerPresentable.swift in Sources */ = {isa = PBXBuildFile; fileRef = 88F5F1E924333A6B009B3BAE /* SpinnerPresentable.swift */; };
		88F5F1EC24333A81009B3BAE /* ApplicationSpinner.swift in Sources */ = {isa = PBXBuildFile; fileRef = 88F5F1EB24333A81009B3BAE /* ApplicationSpinner.swift */; };
		88F5F1EF24333D3B009B3BAE /* AlertPresentable.swift in Sources */ = {isa = PBXBuildFile; fileRef = 88F5F1EE24333D3B009B3BAE /* AlertPresentable.swift */; };
		88F5F1F124334194009B3BAE /* UserService.swift in Sources */ = {isa = PBXBuildFile; fileRef = 88F5F1F024334194009B3BAE /* UserService.swift */; };
		88F5F1F5243347CD009B3BAE /* AlbumsListViewController.swift in Sources */ = {isa = PBXBuildFile; fileRef = 88F5F1F3243347CD009B3BAE /* AlbumsListViewController.swift */; };
		88F5F1F6243347CD009B3BAE /* AlbumsListModel.swift in Sources */ = {isa = PBXBuildFile; fileRef = 88F5F1F4243347CD009B3BAE /* AlbumsListModel.swift */; };
		88F5F1F82433481E009B3BAE /* AlbumListView.swift in Sources */ = {isa = PBXBuildFile; fileRef = 88F5F1F72433481E009B3BAE /* AlbumListView.swift */; };
		88F5F1FB24334B7E009B3BAE /* Album.swift in Sources */ = {isa = PBXBuildFile; fileRef = 88F5F1FA24334B7E009B3BAE /* Album.swift */; };
		88F5F1FD24334BB8009B3BAE /* Picture.swift in Sources */ = {isa = PBXBuildFile; fileRef = 88F5F1FC24334BB8009B3BAE /* Picture.swift */; };
		88F5F1FF24334BE6009B3BAE /* UrlData.swift in Sources */ = {isa = PBXBuildFile; fileRef = 88F5F1FE24334BE6009B3BAE /* UrlData.swift */; };
		88F5F20124334C7E009B3BAE /* PhotosService.swift in Sources */ = {isa = PBXBuildFile; fileRef = 88F5F20024334C7E009B3BAE /* PhotosService.swift */; };
/* End PBXBuildFile section */

/* Begin PBXContainerItemProxy section */
		88F5F17E243327DE009B3BAE /* PBXContainerItemProxy */ = {
			isa = PBXContainerItemProxy;
			containerPortal = 88F5F155243322DF009B3BAE /* Project object */;
			proxyType = 1;
			remoteGlobalIDString = 88F5F178243327DE009B3BAE;
			remoteInfo = Core;
		};
		88F5F190243327E6009B3BAE /* PBXContainerItemProxy */ = {
			isa = PBXContainerItemProxy;
			containerPortal = 88F5F155243322DF009B3BAE /* Project object */;
			proxyType = 1;
			remoteGlobalIDString = 88F5F18A243327E6009B3BAE;
			remoteInfo = UI;
		};
/* End PBXContainerItemProxy section */

/* Begin PBXCopyFilesBuildPhase section */
		88F5F182243327DE009B3BAE /* Embed Frameworks */ = {
			isa = PBXCopyFilesBuildPhase;
			buildActionMask = 2147483647;
			dstPath = "";
			dstSubfolderSpec = 10;
			files = (
				88F5F193243327E6009B3BAE /* UI.framework in Embed Frameworks */,
				88F5F181243327DE009B3BAE /* Core.framework in Embed Frameworks */,
			);
			name = "Embed Frameworks";
			runOnlyForDeploymentPostprocessing = 0;
		};
/* End PBXCopyFilesBuildPhase section */

/* Begin PBXFileReference section */
		112F4FF5B31700B646A15A6B /* Pods-Shared-UI.debug.xcconfig */ = {isa = PBXFileReference; includeInIndex = 1; lastKnownFileType = text.xcconfig; name = "Pods-Shared-UI.debug.xcconfig"; path = "Target Support Files/Pods-Shared-UI/Pods-Shared-UI.debug.xcconfig"; sourceTree = "<group>"; };
		1DA20321F4110AEA49B99197 /* Pods-Shared-UI.release.xcconfig */ = {isa = PBXFileReference; includeInIndex = 1; lastKnownFileType = text.xcconfig; name = "Pods-Shared-UI.release.xcconfig"; path = "Target Support Files/Pods-Shared-UI/Pods-Shared-UI.release.xcconfig"; sourceTree = "<group>"; };
		240A5E47BD0808EF5938F7B6 /* Pods_Shared_UI.framework */ = {isa = PBXFileReference; explicitFileType = wrapper.framework; includeInIndex = 0; path = Pods_Shared_UI.framework; sourceTree = BUILT_PRODUCTS_DIR; };
		3B0F5AC8841140D73DE9EE77 /* Pods-Shared-Core.debug.xcconfig */ = {isa = PBXFileReference; includeInIndex = 1; lastKnownFileType = text.xcconfig; name = "Pods-Shared-Core.debug.xcconfig"; path = "Target Support Files/Pods-Shared-Core/Pods-Shared-Core.debug.xcconfig"; sourceTree = "<group>"; };
		4E4797FEDC9791667151BC99 /* Pods-Shared-NebulaTest.release.xcconfig */ = {isa = PBXFileReference; includeInIndex = 1; lastKnownFileType = text.xcconfig; name = "Pods-Shared-NebulaTest.release.xcconfig"; path = "Target Support Files/Pods-Shared-NebulaTest/Pods-Shared-NebulaTest.release.xcconfig"; sourceTree = "<group>"; };
		62E338916D0D6A0253719BE6 /* Pods_Shared_NebulaTest.framework */ = {isa = PBXFileReference; explicitFileType = wrapper.framework; includeInIndex = 0; path = Pods_Shared_NebulaTest.framework; sourceTree = BUILT_PRODUCTS_DIR; };
		7BD3360C2026DB0FD1C38A81 /* Pods_Shared_Core.framework */ = {isa = PBXFileReference; explicitFileType = wrapper.framework; includeInIndex = 0; path = Pods_Shared_Core.framework; sourceTree = BUILT_PRODUCTS_DIR; };
		88F5F15D243322DF009B3BAE /* NebulaTest.app */ = {isa = PBXFileReference; explicitFileType = wrapper.application; includeInIndex = 0; path = NebulaTest.app; sourceTree = BUILT_PRODUCTS_DIR; };
		88F5F160243322DF009B3BAE /* AppDelegate.swift */ = {isa = PBXFileReference; lastKnownFileType = sourcecode.swift; path = AppDelegate.swift; sourceTree = "<group>"; };
		88F5F169243322E1009B3BAE /* Assets.xcassets */ = {isa = PBXFileReference; lastKnownFileType = folder.assetcatalog; path = Assets.xcassets; sourceTree = "<group>"; };
		88F5F16C243322E1009B3BAE /* Base */ = {isa = PBXFileReference; lastKnownFileType = file.storyboard; name = Base; path = Base.lproj/LaunchScreen.storyboard; sourceTree = "<group>"; };
		88F5F16E243322E1009B3BAE /* Info.plist */ = {isa = PBXFileReference; lastKnownFileType = text.plist.xml; path = Info.plist; sourceTree = "<group>"; };
		88F5F179243327DE009B3BAE /* Core.framework */ = {isa = PBXFileReference; explicitFileType = wrapper.framework; includeInIndex = 0; path = Core.framework; sourceTree = BUILT_PRODUCTS_DIR; };
		88F5F17B243327DE009B3BAE /* Core.h */ = {isa = PBXFileReference; lastKnownFileType = sourcecode.c.h; path = Core.h; sourceTree = "<group>"; };
		88F5F17C243327DE009B3BAE /* Info.plist */ = {isa = PBXFileReference; lastKnownFileType = text.plist.xml; path = Info.plist; sourceTree = "<group>"; };
		88F5F18B243327E6009B3BAE /* UI.framework */ = {isa = PBXFileReference; explicitFileType = wrapper.framework; includeInIndex = 0; path = UI.framework; sourceTree = BUILT_PRODUCTS_DIR; };
		88F5F18D243327E6009B3BAE /* UI.h */ = {isa = PBXFileReference; lastKnownFileType = sourcecode.c.h; path = UI.h; sourceTree = "<group>"; };
		88F5F18E243327E6009B3BAE /* Info.plist */ = {isa = PBXFileReference; lastKnownFileType = text.plist.xml; path = Info.plist; sourceTree = "<group>"; };
		88F5F19824332946009B3BAE /* NiblessController.swift */ = {isa = PBXFileReference; fileEncoding = 4; lastKnownFileType = sourcecode.swift; path = NiblessController.swift; sourceTree = "<group>"; };
		88F5F19B24332963009B3BAE /* EventNode.swift */ = {isa = PBXFileReference; fileEncoding = 4; lastKnownFileType = sourcecode.swift; path = EventNode.swift; sourceTree = "<group>"; };
		88F5F19C24332963009B3BAE /* Coordinator.swift */ = {isa = PBXFileReference; fileEncoding = 4; lastKnownFileType = sourcecode.swift; path = Coordinator.swift; sourceTree = "<group>"; };
		88F5F1A02433298A009B3BAE /* ApplicationServicesManager.swift */ = {isa = PBXFileReference; fileEncoding = 4; lastKnownFileType = sourcecode.swift; path = ApplicationServicesManager.swift; sourceTree = "<group>"; };
		88F5F1A224332991009B3BAE /* CoordinatorApplicationService.swift */ = {isa = PBXFileReference; fileEncoding = 4; lastKnownFileType = sourcecode.swift; path = CoordinatorApplicationService.swift; sourceTree = "<group>"; };
		88F5F1A4243329B4009B3BAE /* HasCustomView.swift */ = {isa = PBXFileReference; fileEncoding = 4; lastKnownFileType = sourcecode.swift; path = HasCustomView.swift; sourceTree = "<group>"; };
		88F5F1A724332A33009B3BAE /* ApplicationFlowAssembly.swift */ = {isa = PBXFileReference; fileEncoding = 4; lastKnownFileType = sourcecode.swift; path = ApplicationFlowAssembly.swift; sourceTree = "<group>"; };
		88F5F1A824332A33009B3BAE /* ApplicationFlowStrategy.swift */ = {isa = PBXFileReference; fileEncoding = 4; lastKnownFileType = sourcecode.swift; path = ApplicationFlowStrategy.swift; sourceTree = "<group>"; };
		88F5F1A924332A33009B3BAE /* ApplicationFlowCoordinator.swift */ = {isa = PBXFileReference; fileEncoding = 4; lastKnownFileType = sourcecode.swift; path = ApplicationFlowCoordinator.swift; sourceTree = "<group>"; };
		88F5F1AD24332B17009B3BAE /* Resolver+Autoresolve.swift */ = {isa = PBXFileReference; fileEncoding = 4; lastKnownFileType = sourcecode.swift; path = "Resolver+Autoresolve.swift"; sourceTree = "<group>"; };
		88F5F1B024332B40009B3BAE /* AuthAssembly.swift */ = {isa = PBXFileReference; lastKnownFileType = sourcecode.swift; path = AuthAssembly.swift; sourceTree = "<group>"; };
		88F5F1B124332B40009B3BAE /* AuthFlowCoordinator.swift */ = {isa = PBXFileReference; lastKnownFileType = sourcecode.swift; path = AuthFlowCoordinator.swift; sourceTree = "<group>"; };
		88F5F1B624332B90009B3BAE /* MainAssembly.swift */ = {isa = PBXFileReference; lastKnownFileType = sourcecode.swift; path = MainAssembly.swift; sourceTree = "<group>"; };
		88F5F1B724332B90009B3BAE /* MainFlowCoordinator.swift */ = {isa = PBXFileReference; lastKnownFileType = sourcecode.swift; path = MainFlowCoordinator.swift; sourceTree = "<group>"; };
		88F5F1BD24332C11009B3BAE /* UITableView+Reusable.swift */ = {isa = PBXFileReference; fileEncoding = 4; lastKnownFileType = sourcecode.swift; path = "UITableView+Reusable.swift"; sourceTree = "<group>"; };
		88F5F1BE24332C11009B3BAE /* Reusable.swift */ = {isa = PBXFileReference; fileEncoding = 4; lastKnownFileType = sourcecode.swift; path = Reusable.swift; sourceTree = "<group>"; };
		88F5F1BF24332C11009B3BAE /* UICollectionView+Reusable.swift */ = {isa = PBXFileReference; fileEncoding = 4; lastKnownFileType = sourcecode.swift; path = "UICollectionView+Reusable.swift"; sourceTree = "<group>"; };
		88F5F1C424332C37009B3BAE /* NiblessCell.swift */ = {isa = PBXFileReference; fileEncoding = 4; lastKnownFileType = sourcecode.swift; path = NiblessCell.swift; sourceTree = "<group>"; };
		88F5F1C524332C37009B3BAE /* Autolayout.swift */ = {isa = PBXFileReference; fileEncoding = 4; lastKnownFileType = sourcecode.swift; path = Autolayout.swift; sourceTree = "<group>"; };
		88F5F1C624332C37009B3BAE /* NiblessView.swift */ = {isa = PBXFileReference; fileEncoding = 4; lastKnownFileType = sourcecode.swift; path = NiblessView.swift; sourceTree = "<group>"; };
		88F5F1CA24332C5F009B3BAE /* Constants.swift */ = {isa = PBXFileReference; fileEncoding = 4; lastKnownFileType = sourcecode.swift; path = Constants.swift; sourceTree = "<group>"; };
		88F5F1CE24332CBD009B3BAE /* KeychainService.swift */ = {isa = PBXFileReference; fileEncoding = 4; lastKnownFileType = sourcecode.swift; path = KeychainService.swift; sourceTree = "<group>"; };
		88F5F1D124332CEA009B3BAE /* UserSessionController.swift */ = {isa = PBXFileReference; fileEncoding = 4; lastKnownFileType = sourcecode.swift; path = UserSessionController.swift; sourceTree = "<group>"; };
		88F5F1D224332CEA009B3BAE /* TokensStorage.swift */ = {isa = PBXFileReference; fileEncoding = 4; lastKnownFileType = sourcecode.swift; path = TokensStorage.swift; sourceTree = "<group>"; };
		88F5F1D324332CEA009B3BAE /* UserSession.swift */ = {isa = PBXFileReference; fileEncoding = 4; lastKnownFileType = sourcecode.swift; path = UserSession.swift; sourceTree = "<group>"; };
		88F5F1D424332CEA009B3BAE /* SessionInfo.swift */ = {isa = PBXFileReference; fileEncoding = 4; lastKnownFileType = sourcecode.swift; path = SessionInfo.swift; sourceTree = "<group>"; };
		88F5F1D524332CEA009B3BAE /* TokensStoragable.swift */ = {isa = PBXFileReference; fileEncoding = 4; lastKnownFileType = sourcecode.swift; path = TokensStoragable.swift; sourceTree = "<group>"; };
		88F5F1DC2433338B009B3BAE /* AuthViewController.swift */ = {isa = PBXFileReference; lastKnownFileType = sourcecode.swift; path = AuthViewController.swift; sourceTree = "<group>"; };
		88F5F1DD2433338B009B3BAE /* AuthModel.swift */ = {isa = PBXFileReference; lastKnownFileType = sourcecode.swift; path = AuthModel.swift; sourceTree = "<group>"; };
		88F5F1E024333401009B3BAE /* AuthView.swift */ = {isa = PBXFileReference; lastKnownFileType = sourcecode.swift; path = AuthView.swift; sourceTree = "<group>"; };
		88F5F1E3243339E8009B3BAE /* Alert.swift */ = {isa = PBXFileReference; fileEncoding = 4; lastKnownFileType = sourcecode.swift; path = Alert.swift; sourceTree = "<group>"; };
		88F5F1E524333A03009B3BAE /* ApplicationAlert.swift */ = {isa = PBXFileReference; fileEncoding = 4; lastKnownFileType = sourcecode.swift; path = ApplicationAlert.swift; sourceTree = "<group>"; };
		88F5F1E724333A5D009B3BAE /* Spinner.swift */ = {isa = PBXFileReference; fileEncoding = 4; lastKnownFileType = sourcecode.swift; path = Spinner.swift; sourceTree = "<group>"; };
		88F5F1E924333A6B009B3BAE /* SpinnerPresentable.swift */ = {isa = PBXFileReference; fileEncoding = 4; lastKnownFileType = sourcecode.swift; path = SpinnerPresentable.swift; sourceTree = "<group>"; };
		88F5F1EB24333A81009B3BAE /* ApplicationSpinner.swift */ = {isa = PBXFileReference; fileEncoding = 4; lastKnownFileType = sourcecode.swift; path = ApplicationSpinner.swift; sourceTree = "<group>"; };
		88F5F1EE24333D3B009B3BAE /* AlertPresentable.swift */ = {isa = PBXFileReference; fileEncoding = 4; lastKnownFileType = sourcecode.swift; path = AlertPresentable.swift; sourceTree = "<group>"; };
		88F5F1F024334194009B3BAE /* UserService.swift */ = {isa = PBXFileReference; lastKnownFileType = sourcecode.swift; path = UserService.swift; sourceTree = "<group>"; };
		88F5F1F3243347CD009B3BAE /* AlbumsListViewController.swift */ = {isa = PBXFileReference; lastKnownFileType = sourcecode.swift; path = AlbumsListViewController.swift; sourceTree = "<group>"; };
		88F5F1F4243347CD009B3BAE /* AlbumsListModel.swift */ = {isa = PBXFileReference; lastKnownFileType = sourcecode.swift; path = AlbumsListModel.swift; sourceTree = "<group>"; };
		88F5F1F72433481E009B3BAE /* AlbumListView.swift */ = {isa = PBXFileReference; lastKnownFileType = sourcecode.swift; path = AlbumListView.swift; sourceTree = "<group>"; };
		88F5F1FA24334B7E009B3BAE /* Album.swift */ = {isa = PBXFileReference; lastKnownFileType = sourcecode.swift; path = Album.swift; sourceTree = "<group>"; };
		88F5F1FC24334BB8009B3BAE /* Picture.swift */ = {isa = PBXFileReference; lastKnownFileType = sourcecode.swift; path = Picture.swift; sourceTree = "<group>"; };
		88F5F1FE24334BE6009B3BAE /* UrlData.swift */ = {isa = PBXFileReference; lastKnownFileType = sourcecode.swift; path = UrlData.swift; sourceTree = "<group>"; };
		88F5F20024334C7E009B3BAE /* PhotosService.swift */ = {isa = PBXFileReference; lastKnownFileType = sourcecode.swift; path = PhotosService.swift; sourceTree = "<group>"; };
		C959E80C2FFD18E761F4F1CE /* Pods-Shared-NebulaTest.debug.xcconfig */ = {isa = PBXFileReference; includeInIndex = 1; lastKnownFileType = text.xcconfig; name = "Pods-Shared-NebulaTest.debug.xcconfig"; path = "Target Support Files/Pods-Shared-NebulaTest/Pods-Shared-NebulaTest.debug.xcconfig"; sourceTree = "<group>"; };
		EE772FAF108B3354597C0F85 /* Pods-Shared-Core.release.xcconfig */ = {isa = PBXFileReference; includeInIndex = 1; lastKnownFileType = text.xcconfig; name = "Pods-Shared-Core.release.xcconfig"; path = "Target Support Files/Pods-Shared-Core/Pods-Shared-Core.release.xcconfig"; sourceTree = "<group>"; };
/* End PBXFileReference section */

/* Begin PBXFrameworksBuildPhase section */
		88F5F15A243322DF009B3BAE /* Frameworks */ = {
			isa = PBXFrameworksBuildPhase;
			buildActionMask = 2147483647;
			files = (
				88F5F192243327E6009B3BAE /* UI.framework in Frameworks */,
				88F5F180243327DE009B3BAE /* Core.framework in Frameworks */,
				7C5B68F218BD8C5528E779E9 /* Pods_Shared_NebulaTest.framework in Frameworks */,
			);
			runOnlyForDeploymentPostprocessing = 0;
		};
		88F5F176243327DE009B3BAE /* Frameworks */ = {
			isa = PBXFrameworksBuildPhase;
			buildActionMask = 2147483647;
			files = (
				4F81771AF17EBF3F640B78FC /* Pods_Shared_Core.framework in Frameworks */,
			);
			runOnlyForDeploymentPostprocessing = 0;
		};
		88F5F188243327E6009B3BAE /* Frameworks */ = {
			isa = PBXFrameworksBuildPhase;
			buildActionMask = 2147483647;
			files = (
				165F464625DEFD728A09BFD0 /* Pods_Shared_UI.framework in Frameworks */,
			);
			runOnlyForDeploymentPostprocessing = 0;
		};
/* End PBXFrameworksBuildPhase section */

/* Begin PBXGroup section */
		21DF63DA8C32E23CB03C8E92 /* Frameworks */ = {
			isa = PBXGroup;
			children = (
				7BD3360C2026DB0FD1C38A81 /* Pods_Shared_Core.framework */,
				62E338916D0D6A0253719BE6 /* Pods_Shared_NebulaTest.framework */,
				240A5E47BD0808EF5938F7B6 /* Pods_Shared_UI.framework */,
			);
			name = Frameworks;
			sourceTree = "<group>";
		};
		88F5F154243322DF009B3BAE = {
			isa = PBXGroup;
			children = (
				88F5F15F243322DF009B3BAE /* NebulaTest */,
				88F5F18C243327E6009B3BAE /* UI */,
				88F5F17A243327DE009B3BAE /* Core */,
				88F5F15E243322DF009B3BAE /* Products */,
				912F34B8D1002CD0213F2BE7 /* Pods */,
				21DF63DA8C32E23CB03C8E92 /* Frameworks */,
			);
			sourceTree = "<group>";
		};
		88F5F15E243322DF009B3BAE /* Products */ = {
			isa = PBXGroup;
			children = (
				88F5F15D243322DF009B3BAE /* NebulaTest.app */,
				88F5F179243327DE009B3BAE /* Core.framework */,
				88F5F18B243327E6009B3BAE /* UI.framework */,
			);
			name = Products;
			sourceTree = "<group>";
		};
		88F5F15F243322DF009B3BAE /* NebulaTest */ = {
			isa = PBXGroup;
			children = (
				88F5F160243322DF009B3BAE /* AppDelegate.swift */,
				88F5F19724332928009B3BAE /* Common */,
				88F5F1A6243329F9009B3BAE /* Flows */,
				88F5F169243322E1009B3BAE /* Assets.xcassets */,
				88F5F16B243322E1009B3BAE /* LaunchScreen.storyboard */,
				88F5F16E243322E1009B3BAE /* Info.plist */,
			);
			path = NebulaTest;
			sourceTree = "<group>";
		};
		88F5F17A243327DE009B3BAE /* Core */ = {
			isa = PBXGroup;
			children = (
				88F5F17B243327DE009B3BAE /* Core.h */,
				88F5F17C243327DE009B3BAE /* Info.plist */,
				88F5F1CA24332C5F009B3BAE /* Constants.swift */,
				88F5F1F924334B6F009B3BAE /* DTO */,
				88F5F1CD24332CA3009B3BAE /* Services */,
				88F5F1CC24332C9A009B3BAE /* UserSession */,
			);
			path = Core;
			sourceTree = "<group>";
		};
		88F5F18C243327E6009B3BAE /* UI */ = {
			isa = PBXGroup;
			children = (
				88F5F18D243327E6009B3BAE /* UI.h */,
				88F5F18E243327E6009B3BAE /* Info.plist */,
				88F5F1C324332C2E009B3BAE /* Common */,
				88F5F1BB24332BD7009B3BAE /* BaseViews */,
				88F5F1BC24332BFE009B3BAE /* Reusable */,
			);
			path = UI;
			sourceTree = "<group>";
		};
		88F5F19724332928009B3BAE /* Common */ = {
			isa = PBXGroup;
			children = (
				88F5F1E2243339DC009B3BAE /* HUDs */,
				88F5F19A24332955009B3BAE /* Navigation */,
				88F5F19F24332975009B3BAE /* ApplicationServices */,
				88F5F19824332946009B3BAE /* NiblessController.swift */,
				88F5F1A4243329B4009B3BAE /* HasCustomView.swift */,
				88F5F1AD24332B17009B3BAE /* Resolver+Autoresolve.swift */,
			);
			path = Common;
			sourceTree = "<group>";
		};
		88F5F19A24332955009B3BAE /* Navigation */ = {
			isa = PBXGroup;
			children = (
				88F5F19C24332963009B3BAE /* Coordinator.swift */,
				88F5F19B24332963009B3BAE /* EventNode.swift */,
			);
			path = Navigation;
			sourceTree = "<group>";
		};
		88F5F19F24332975009B3BAE /* ApplicationServices */ = {
			isa = PBXGroup;
			children = (
				88F5F1A02433298A009B3BAE /* ApplicationServicesManager.swift */,
				88F5F1A224332991009B3BAE /* CoordinatorApplicationService.swift */,
			);
			path = ApplicationServices;
			sourceTree = "<group>";
		};
		88F5F1A6243329F9009B3BAE /* Flows */ = {
			isa = PBXGroup;
			children = (
				88F5F1A924332A33009B3BAE /* ApplicationFlowCoordinator.swift */,
				88F5F1A724332A33009B3BAE /* ApplicationFlowAssembly.swift */,
				88F5F1A824332A33009B3BAE /* ApplicationFlowStrategy.swift */,
				88F5F1AF24332B33009B3BAE /* AuthFlow */,
				88F5F1B524332B7C009B3BAE /* MainFlow */,
			);
			path = Flows;
			sourceTree = "<group>";
		};
		88F5F1AF24332B33009B3BAE /* AuthFlow */ = {
			isa = PBXGroup;
			children = (
				88F5F1B424332B4E009B3BAE /* FlowCore */,
				88F5F1DC2433338B009B3BAE /* AuthViewController.swift */,
				88F5F1DD2433338B009B3BAE /* AuthModel.swift */,
			);
			path = AuthFlow;
			sourceTree = "<group>";
		};
		88F5F1B424332B4E009B3BAE /* FlowCore */ = {
			isa = PBXGroup;
			children = (
				88F5F1B124332B40009B3BAE /* AuthFlowCoordinator.swift */,
				88F5F1B024332B40009B3BAE /* AuthAssembly.swift */,
			);
			path = FlowCore;
			sourceTree = "<group>";
		};
		88F5F1B524332B7C009B3BAE /* MainFlow */ = {
			isa = PBXGroup;
			children = (
				88F5F1BA24332B9C009B3BAE /* FlowCore */,
				88F5F1F22433479E009B3BAE /* AlbumsList */,
			);
			path = MainFlow;
			sourceTree = "<group>";
		};
		88F5F1BA24332B9C009B3BAE /* FlowCore */ = {
			isa = PBXGroup;
			children = (
				88F5F1B724332B90009B3BAE /* MainFlowCoordinator.swift */,
				88F5F1B624332B90009B3BAE /* MainAssembly.swift */,
			);
			path = FlowCore;
			sourceTree = "<group>";
		};
		88F5F1BB24332BD7009B3BAE /* BaseViews */ = {
			isa = PBXGroup;
			children = (
				88F5F1E024333401009B3BAE /* AuthView.swift */,
				88F5F1F72433481E009B3BAE /* AlbumListView.swift */,
			);
			path = BaseViews;
			sourceTree = "<group>";
		};
		88F5F1BC24332BFE009B3BAE /* Reusable */ = {
			isa = PBXGroup;
			children = (
				88F5F1BE24332C11009B3BAE /* Reusable.swift */,
				88F5F1BF24332C11009B3BAE /* UICollectionView+Reusable.swift */,
				88F5F1BD24332C11009B3BAE /* UITableView+Reusable.swift */,
			);
			path = Reusable;
			sourceTree = "<group>";
		};
		88F5F1C324332C2E009B3BAE /* Common */ = {
			isa = PBXGroup;
			children = (
				88F5F1C524332C37009B3BAE /* Autolayout.swift */,
				88F5F1C624332C37009B3BAE /* NiblessView.swift */,
				88F5F1C424332C37009B3BAE /* NiblessCell.swift */,
			);
			path = Common;
			sourceTree = "<group>";
		};
		88F5F1CC24332C9A009B3BAE /* UserSession */ = {
			isa = PBXGroup;
			children = (
				88F5F1D124332CEA009B3BAE /* UserSessionController.swift */,
				88F5F1D224332CEA009B3BAE /* TokensStorage.swift */,
				88F5F1D324332CEA009B3BAE /* UserSession.swift */,
				88F5F1D424332CEA009B3BAE /* SessionInfo.swift */,
				88F5F1D524332CEA009B3BAE /* TokensStoragable.swift */,
			);
			path = UserSession;
			sourceTree = "<group>";
		};
		88F5F1CD24332CA3009B3BAE /* Services */ = {
			isa = PBXGroup;
			children = (
				88F5F1CE24332CBD009B3BAE /* KeychainService.swift */,
				88F5F1F024334194009B3BAE /* UserService.swift */,
				88F5F20024334C7E009B3BAE /* PhotosService.swift */,
			);
			path = Services;
			sourceTree = "<group>";
		};
		88F5F1E2243339DC009B3BAE /* HUDs */ = {
			isa = PBXGroup;
			children = (
				88F5F1E3243339E8009B3BAE /* Alert.swift */,
				88F5F1E524333A03009B3BAE /* ApplicationAlert.swift */,
				88F5F1E724333A5D009B3BAE /* Spinner.swift */,
				88F5F1E924333A6B009B3BAE /* SpinnerPresentable.swift */,
				88F5F1EB24333A81009B3BAE /* ApplicationSpinner.swift */,
				88F5F1EE24333D3B009B3BAE /* AlertPresentable.swift */,
			);
			path = HUDs;
			sourceTree = "<group>";
		};
		88F5F1F22433479E009B3BAE /* AlbumsList */ = {
			isa = PBXGroup;
			children = (
				88F5F1F3243347CD009B3BAE /* AlbumsListViewController.swift */,
				88F5F1F4243347CD009B3BAE /* AlbumsListModel.swift */,
			);
			path = AlbumsList;
			sourceTree = "<group>";
		};
		88F5F1F924334B6F009B3BAE /* DTO */ = {
			isa = PBXGroup;
			children = (
				88F5F1FA24334B7E009B3BAE /* Album.swift */,
				88F5F1FC24334BB8009B3BAE /* Picture.swift */,
				88F5F1FE24334BE6009B3BAE /* UrlData.swift */,
			);
			path = DTO;
			sourceTree = "<group>";
		};
		912F34B8D1002CD0213F2BE7 /* Pods */ = {
			isa = PBXGroup;
			children = (
				3B0F5AC8841140D73DE9EE77 /* Pods-Shared-Core.debug.xcconfig */,
				EE772FAF108B3354597C0F85 /* Pods-Shared-Core.release.xcconfig */,
				C959E80C2FFD18E761F4F1CE /* Pods-Shared-NebulaTest.debug.xcconfig */,
				4E4797FEDC9791667151BC99 /* Pods-Shared-NebulaTest.release.xcconfig */,
				112F4FF5B31700B646A15A6B /* Pods-Shared-UI.debug.xcconfig */,
				1DA20321F4110AEA49B99197 /* Pods-Shared-UI.release.xcconfig */,
			);
			path = Pods;
			sourceTree = "<group>";
		};
/* End PBXGroup section */

/* Begin PBXHeadersBuildPhase section */
		88F5F174243327DE009B3BAE /* Headers */ = {
			isa = PBXHeadersBuildPhase;
			buildActionMask = 2147483647;
			files = (
				88F5F17D243327DE009B3BAE /* Core.h in Headers */,
			);
			runOnlyForDeploymentPostprocessing = 0;
		};
		88F5F186243327E6009B3BAE /* Headers */ = {
			isa = PBXHeadersBuildPhase;
			buildActionMask = 2147483647;
			files = (
				88F5F18F243327E6009B3BAE /* UI.h in Headers */,
			);
			runOnlyForDeploymentPostprocessing = 0;
		};
/* End PBXHeadersBuildPhase section */

/* Begin PBXNativeTarget section */
		88F5F15C243322DF009B3BAE /* NebulaTest */ = {
			isa = PBXNativeTarget;
			buildConfigurationList = 88F5F171243322E1009B3BAE /* Build configuration list for PBXNativeTarget "NebulaTest" */;
			buildPhases = (
				B4D09B35D5DCE1AB2BACC4E4 /* [CP] Check Pods Manifest.lock */,
				88F5F159243322DF009B3BAE /* Sources */,
				88F5F15A243322DF009B3BAE /* Frameworks */,
				88F5F15B243322DF009B3BAE /* Resources */,
				88F5F182243327DE009B3BAE /* Embed Frameworks */,
				A90D0BF44AA9A956F085F3E4 /* [CP] Embed Pods Frameworks */,
				88F5F1ED24333B81009B3BAE /* ShellScript */,
			);
			buildRules = (
			);
			dependencies = (
				88F5F17F243327DE009B3BAE /* PBXTargetDependency */,
				88F5F191243327E6009B3BAE /* PBXTargetDependency */,
			);
			name = NebulaTest;
			productName = NebulaTest;
			productReference = 88F5F15D243322DF009B3BAE /* NebulaTest.app */;
			productType = "com.apple.product-type.application";
		};
		88F5F178243327DE009B3BAE /* Core */ = {
			isa = PBXNativeTarget;
			buildConfigurationList = 88F5F185243327DE009B3BAE /* Build configuration list for PBXNativeTarget "Core" */;
			buildPhases = (
				6E7BAC0FD9D8352F4CD22644 /* [CP] Check Pods Manifest.lock */,
				88F5F174243327DE009B3BAE /* Headers */,
				88F5F175243327DE009B3BAE /* Sources */,
				88F5F176243327DE009B3BAE /* Frameworks */,
				88F5F177243327DE009B3BAE /* Resources */,
			);
			buildRules = (
			);
			dependencies = (
			);
			name = Core;
			productName = Core;
			productReference = 88F5F179243327DE009B3BAE /* Core.framework */;
			productType = "com.apple.product-type.framework";
		};
		88F5F18A243327E6009B3BAE /* UI */ = {
			isa = PBXNativeTarget;
			buildConfigurationList = 88F5F194243327E6009B3BAE /* Build configuration list for PBXNativeTarget "UI" */;
			buildPhases = (
				CB22D1B48AF95BE337224F61 /* [CP] Check Pods Manifest.lock */,
				88F5F186243327E6009B3BAE /* Headers */,
				88F5F187243327E6009B3BAE /* Sources */,
				88F5F188243327E6009B3BAE /* Frameworks */,
				88F5F189243327E6009B3BAE /* Resources */,
			);
			buildRules = (
			);
			dependencies = (
			);
			name = UI;
			productName = UI;
			productReference = 88F5F18B243327E6009B3BAE /* UI.framework */;
			productType = "com.apple.product-type.framework";
		};
/* End PBXNativeTarget section */

/* Begin PBXProject section */
		88F5F155243322DF009B3BAE /* Project object */ = {
			isa = PBXProject;
			attributes = {
				LastSwiftUpdateCheck = 1120;
				LastUpgradeCheck = 1120;
				ORGANIZATIONNAME = Vodolazkyi;
				TargetAttributes = {
					88F5F15C243322DF009B3BAE = {
						CreatedOnToolsVersion = 11.2.1;
					};
					88F5F178243327DE009B3BAE = {
						CreatedOnToolsVersion = 11.2.1;
						LastSwiftMigration = 1120;
					};
					88F5F18A243327E6009B3BAE = {
						CreatedOnToolsVersion = 11.2.1;
					};
				};
			};
			buildConfigurationList = 88F5F158243322DF009B3BAE /* Build configuration list for PBXProject "NebulaTest" */;
			compatibilityVersion = "Xcode 9.3";
			developmentRegion = en;
			hasScannedForEncodings = 0;
			knownRegions = (
				en,
				Base,
			);
			mainGroup = 88F5F154243322DF009B3BAE;
			productRefGroup = 88F5F15E243322DF009B3BAE /* Products */;
			projectDirPath = "";
			projectRoot = "";
			targets = (
				88F5F15C243322DF009B3BAE /* NebulaTest */,
				88F5F18A243327E6009B3BAE /* UI */,
				88F5F178243327DE009B3BAE /* Core */,
			);
		};
/* End PBXProject section */

/* Begin PBXResourcesBuildPhase section */
		88F5F15B243322DF009B3BAE /* Resources */ = {
			isa = PBXResourcesBuildPhase;
			buildActionMask = 2147483647;
			files = (
				88F5F16D243322E1009B3BAE /* LaunchScreen.storyboard in Resources */,
				88F5F16A243322E1009B3BAE /* Assets.xcassets in Resources */,
			);
			runOnlyForDeploymentPostprocessing = 0;
		};
		88F5F177243327DE009B3BAE /* Resources */ = {
			isa = PBXResourcesBuildPhase;
			buildActionMask = 2147483647;
			files = (
			);
			runOnlyForDeploymentPostprocessing = 0;
		};
		88F5F189243327E6009B3BAE /* Resources */ = {
			isa = PBXResourcesBuildPhase;
			buildActionMask = 2147483647;
			files = (
			);
			runOnlyForDeploymentPostprocessing = 0;
		};
/* End PBXResourcesBuildPhase section */

/* Begin PBXShellScriptBuildPhase section */
		6E7BAC0FD9D8352F4CD22644 /* [CP] Check Pods Manifest.lock */ = {
			isa = PBXShellScriptBuildPhase;
			buildActionMask = 2147483647;
			files = (
			);
			inputFileListPaths = (
			);
			inputPaths = (
				"${PODS_PODFILE_DIR_PATH}/Podfile.lock",
				"${PODS_ROOT}/Manifest.lock",
			);
			name = "[CP] Check Pods Manifest.lock";
			outputFileListPaths = (
			);
			outputPaths = (
				"$(DERIVED_FILE_DIR)/Pods-Shared-Core-checkManifestLockResult.txt",
			);
			runOnlyForDeploymentPostprocessing = 0;
			shellPath = /bin/sh;
			shellScript = "diff \"${PODS_PODFILE_DIR_PATH}/Podfile.lock\" \"${PODS_ROOT}/Manifest.lock\" > /dev/null\nif [ $? != 0 ] ; then\n    # print error to STDERR\n    echo \"error: The sandbox is not in sync with the Podfile.lock. Run 'pod install' or update your CocoaPods installation.\" >&2\n    exit 1\nfi\n# This output is used by Xcode 'outputs' to avoid re-running this script phase.\necho \"SUCCESS\" > \"${SCRIPT_OUTPUT_FILE_0}\"\n";
			showEnvVarsInLog = 0;
		};
		88F5F1ED24333B81009B3BAE /* ShellScript */ = {
			isa = PBXShellScriptBuildPhase;
			buildActionMask = 2147483647;
			files = (
			);
			inputFileListPaths = (
			);
			inputPaths = (
			);
			outputFileListPaths = (
			);
			outputPaths = (
			);
			runOnlyForDeploymentPostprocessing = 0;
			shellPath = /bin/sh;
			shellScript = "${SRCROOT}/scripts/run-swiftlint.sh\n";
		};
		A90D0BF44AA9A956F085F3E4 /* [CP] Embed Pods Frameworks */ = {
			isa = PBXShellScriptBuildPhase;
			buildActionMask = 2147483647;
			files = (
			);
			inputFileListPaths = (
				"${PODS_ROOT}/Target Support Files/Pods-Shared-NebulaTest/Pods-Shared-NebulaTest-frameworks-${CONFIGURATION}-input-files.xcfilelist",
			);
			name = "[CP] Embed Pods Frameworks";
			outputFileListPaths = (
				"${PODS_ROOT}/Target Support Files/Pods-Shared-NebulaTest/Pods-Shared-NebulaTest-frameworks-${CONFIGURATION}-output-files.xcfilelist",
			);
			runOnlyForDeploymentPostprocessing = 0;
			shellPath = /bin/sh;
			shellScript = "\"${PODS_ROOT}/Target Support Files/Pods-Shared-NebulaTest/Pods-Shared-NebulaTest-frameworks.sh\"\n";
			showEnvVarsInLog = 0;
		};
		B4D09B35D5DCE1AB2BACC4E4 /* [CP] Check Pods Manifest.lock */ = {
			isa = PBXShellScriptBuildPhase;
			buildActionMask = 2147483647;
			files = (
			);
			inputFileListPaths = (
			);
			inputPaths = (
				"${PODS_PODFILE_DIR_PATH}/Podfile.lock",
				"${PODS_ROOT}/Manifest.lock",
			);
			name = "[CP] Check Pods Manifest.lock";
			outputFileListPaths = (
			);
			outputPaths = (
				"$(DERIVED_FILE_DIR)/Pods-Shared-NebulaTest-checkManifestLockResult.txt",
			);
			runOnlyForDeploymentPostprocessing = 0;
			shellPath = /bin/sh;
			shellScript = "diff \"${PODS_PODFILE_DIR_PATH}/Podfile.lock\" \"${PODS_ROOT}/Manifest.lock\" > /dev/null\nif [ $? != 0 ] ; then\n    # print error to STDERR\n    echo \"error: The sandbox is not in sync with the Podfile.lock. Run 'pod install' or update your CocoaPods installation.\" >&2\n    exit 1\nfi\n# This output is used by Xcode 'outputs' to avoid re-running this script phase.\necho \"SUCCESS\" > \"${SCRIPT_OUTPUT_FILE_0}\"\n";
			showEnvVarsInLog = 0;
		};
		CB22D1B48AF95BE337224F61 /* [CP] Check Pods Manifest.lock */ = {
			isa = PBXShellScriptBuildPhase;
			buildActionMask = 2147483647;
			files = (
			);
			inputFileListPaths = (
			);
			inputPaths = (
				"${PODS_PODFILE_DIR_PATH}/Podfile.lock",
				"${PODS_ROOT}/Manifest.lock",
			);
			name = "[CP] Check Pods Manifest.lock";
			outputFileListPaths = (
			);
			outputPaths = (
				"$(DERIVED_FILE_DIR)/Pods-Shared-UI-checkManifestLockResult.txt",
			);
			runOnlyForDeploymentPostprocessing = 0;
			shellPath = /bin/sh;
			shellScript = "diff \"${PODS_PODFILE_DIR_PATH}/Podfile.lock\" \"${PODS_ROOT}/Manifest.lock\" > /dev/null\nif [ $? != 0 ] ; then\n    # print error to STDERR\n    echo \"error: The sandbox is not in sync with the Podfile.lock. Run 'pod install' or update your CocoaPods installation.\" >&2\n    exit 1\nfi\n# This output is used by Xcode 'outputs' to avoid re-running this script phase.\necho \"SUCCESS\" > \"${SCRIPT_OUTPUT_FILE_0}\"\n";
			showEnvVarsInLog = 0;
		};
/* End PBXShellScriptBuildPhase section */

/* Begin PBXSourcesBuildPhase section */
		88F5F159243322DF009B3BAE /* Sources */ = {
			isa = PBXSourcesBuildPhase;
			buildActionMask = 2147483647;
			files = (
				88F5F1E4243339E8009B3BAE /* Alert.swift in Sources */,
				88F5F1A5243329B4009B3BAE /* HasCustomView.swift in Sources */,
				88F5F19924332946009B3BAE /* NiblessController.swift in Sources */,
				88F5F1EF24333D3B009B3BAE /* AlertPresentable.swift in Sources */,
				88F5F1B824332B90009B3BAE /* MainAssembly.swift in Sources */,
				88F5F1EC24333A81009B3BAE /* ApplicationSpinner.swift in Sources */,
				88F5F1A324332991009B3BAE /* CoordinatorApplicationService.swift in Sources */,
				88F5F1DE2433338B009B3BAE /* AuthViewController.swift in Sources */,
				88F5F1EA24333A6B009B3BAE /* SpinnerPresentable.swift in Sources */,
				88F5F1B224332B40009B3BAE /* AuthAssembly.swift in Sources */,
				88F5F19E24332963009B3BAE /* Coordinator.swift in Sources */,
				88F5F1AC24332A33009B3BAE /* ApplicationFlowCoordinator.swift in Sources */,
				88F5F1AB24332A33009B3BAE /* ApplicationFlowStrategy.swift in Sources */,
				88F5F1F6243347CD009B3BAE /* AlbumsListModel.swift in Sources */,
				88F5F1B924332B90009B3BAE /* MainFlowCoordinator.swift in Sources */,
				88F5F1DF2433338B009B3BAE /* AuthModel.swift in Sources */,
				88F5F1AA24332A33009B3BAE /* ApplicationFlowAssembly.swift in Sources */,
				88F5F1F5243347CD009B3BAE /* AlbumsListViewController.swift in Sources */,
				88F5F1AE24332B17009B3BAE /* Resolver+Autoresolve.swift in Sources */,
				88F5F1B324332B40009B3BAE /* AuthFlowCoordinator.swift in Sources */,
				88F5F19D24332963009B3BAE /* EventNode.swift in Sources */,
				88F5F1A12433298A009B3BAE /* ApplicationServicesManager.swift in Sources */,
				88F5F161243322DF009B3BAE /* AppDelegate.swift in Sources */,
				88F5F1E624333A03009B3BAE /* ApplicationAlert.swift in Sources */,
				88F5F1E824333A5E009B3BAE /* Spinner.swift in Sources */,
			);
			runOnlyForDeploymentPostprocessing = 0;
		};
		88F5F175243327DE009B3BAE /* Sources */ = {
			isa = PBXSourcesBuildPhase;
			buildActionMask = 2147483647;
			files = (
				88F5F1DA24332CEA009B3BAE /* SessionInfo.swift in Sources */,
				88F5F1DB24332CEA009B3BAE /* TokensStoragable.swift in Sources */,
				88F5F1CB24332C5F009B3BAE /* Constants.swift in Sources */,
				88F5F1FF24334BE6009B3BAE /* UrlData.swift in Sources */,
				88F5F20124334C7E009B3BAE /* PhotosService.swift in Sources */,
				88F5F1D824332CEA009B3BAE /* TokensStorage.swift in Sources */,
				88F5F1F124334194009B3BAE /* UserService.swift in Sources */,
				88F5F1FB24334B7E009B3BAE /* Album.swift in Sources */,
				88F5F1FD24334BB8009B3BAE /* Picture.swift in Sources */,
				88F5F1D724332CEA009B3BAE /* UserSessionController.swift in Sources */,
				88F5F1D924332CEA009B3BAE /* UserSession.swift in Sources */,
				88F5F1CF24332CBD009B3BAE /* KeychainService.swift in Sources */,
			);
			runOnlyForDeploymentPostprocessing = 0;
		};
		88F5F187243327E6009B3BAE /* Sources */ = {
			isa = PBXSourcesBuildPhase;
			buildActionMask = 2147483647;
			files = (
				88F5F1E124333401009B3BAE /* AuthView.swift in Sources */,
				88F5F1F82433481E009B3BAE /* AlbumListView.swift in Sources */,
				88F5F1C724332C37009B3BAE /* NiblessCell.swift in Sources */,
				88F5F1C824332C37009B3BAE /* Autolayout.swift in Sources */,
				88F5F1C224332C11009B3BAE /* UICollectionView+Reusable.swift in Sources */,
				88F5F1C924332C37009B3BAE /* NiblessView.swift in Sources */,
				88F5F1C124332C11009B3BAE /* Reusable.swift in Sources */,
				88F5F1C024332C11009B3BAE /* UITableView+Reusable.swift in Sources */,
			);
			runOnlyForDeploymentPostprocessing = 0;
		};
/* End PBXSourcesBuildPhase section */

/* Begin PBXTargetDependency section */
		88F5F17F243327DE009B3BAE /* PBXTargetDependency */ = {
			isa = PBXTargetDependency;
			target = 88F5F178243327DE009B3BAE /* Core */;
			targetProxy = 88F5F17E243327DE009B3BAE /* PBXContainerItemProxy */;
		};
		88F5F191243327E6009B3BAE /* PBXTargetDependency */ = {
			isa = PBXTargetDependency;
			target = 88F5F18A243327E6009B3BAE /* UI */;
			targetProxy = 88F5F190243327E6009B3BAE /* PBXContainerItemProxy */;
		};
/* End PBXTargetDependency section */

/* Begin PBXVariantGroup section */
		88F5F16B243322E1009B3BAE /* LaunchScreen.storyboard */ = {
			isa = PBXVariantGroup;
			children = (
				88F5F16C243322E1009B3BAE /* Base */,
			);
			name = LaunchScreen.storyboard;
			sourceTree = "<group>";
		};
/* End PBXVariantGroup section */

/* Begin XCBuildConfiguration section */
		88F5F16F243322E1009B3BAE /* Debug */ = {
			isa = XCBuildConfiguration;
			buildSettings = {
				ALWAYS_SEARCH_USER_PATHS = NO;
				CLANG_ANALYZER_NONNULL = YES;
				CLANG_ANALYZER_NUMBER_OBJECT_CONVERSION = YES_AGGRESSIVE;
				CLANG_CXX_LANGUAGE_STANDARD = "gnu++14";
				CLANG_CXX_LIBRARY = "libc++";
				CLANG_ENABLE_MODULES = YES;
				CLANG_ENABLE_OBJC_ARC = YES;
				CLANG_ENABLE_OBJC_WEAK = YES;
				CLANG_WARN_BLOCK_CAPTURE_AUTORELEASING = YES;
				CLANG_WARN_BOOL_CONVERSION = YES;
				CLANG_WARN_COMMA = YES;
				CLANG_WARN_CONSTANT_CONVERSION = YES;
				CLANG_WARN_DEPRECATED_OBJC_IMPLEMENTATIONS = YES;
				CLANG_WARN_DIRECT_OBJC_ISA_USAGE = YES_ERROR;
				CLANG_WARN_DOCUMENTATION_COMMENTS = YES;
				CLANG_WARN_EMPTY_BODY = YES;
				CLANG_WARN_ENUM_CONVERSION = YES;
				CLANG_WARN_INFINITE_RECURSION = YES;
				CLANG_WARN_INT_CONVERSION = YES;
				CLANG_WARN_NON_LITERAL_NULL_CONVERSION = YES;
				CLANG_WARN_OBJC_IMPLICIT_RETAIN_SELF = YES;
				CLANG_WARN_OBJC_LITERAL_CONVERSION = YES;
				CLANG_WARN_OBJC_ROOT_CLASS = YES_ERROR;
				CLANG_WARN_RANGE_LOOP_ANALYSIS = YES;
				CLANG_WARN_STRICT_PROTOTYPES = YES;
				CLANG_WARN_SUSPICIOUS_MOVE = YES;
				CLANG_WARN_UNGUARDED_AVAILABILITY = YES_AGGRESSIVE;
				CLANG_WARN_UNREACHABLE_CODE = YES;
				CLANG_WARN__DUPLICATE_METHOD_MATCH = YES;
				COPY_PHASE_STRIP = NO;
				DEBUG_INFORMATION_FORMAT = dwarf;
				ENABLE_STRICT_OBJC_MSGSEND = YES;
				ENABLE_TESTABILITY = YES;
				GCC_C_LANGUAGE_STANDARD = gnu11;
				GCC_DYNAMIC_NO_PIC = NO;
				GCC_NO_COMMON_BLOCKS = YES;
				GCC_OPTIMIZATION_LEVEL = 0;
				GCC_PREPROCESSOR_DEFINITIONS = (
					"DEBUG=1",
					"$(inherited)",
				);
				GCC_WARN_64_TO_32_BIT_CONVERSION = YES;
				GCC_WARN_ABOUT_RETURN_TYPE = YES_ERROR;
				GCC_WARN_UNDECLARED_SELECTOR = YES;
				GCC_WARN_UNINITIALIZED_AUTOS = YES_AGGRESSIVE;
				GCC_WARN_UNUSED_FUNCTION = YES;
				GCC_WARN_UNUSED_VARIABLE = YES;
				IPHONEOS_DEPLOYMENT_TARGET = 13.2;
				MTL_ENABLE_DEBUG_INFO = INCLUDE_SOURCE;
				MTL_FAST_MATH = YES;
				ONLY_ACTIVE_ARCH = YES;
				SDKROOT = iphoneos;
				SWIFT_ACTIVE_COMPILATION_CONDITIONS = DEBUG;
				SWIFT_OPTIMIZATION_LEVEL = "-Onone";
			};
			name = Debug;
		};
		88F5F170243322E1009B3BAE /* Release */ = {
			isa = XCBuildConfiguration;
			buildSettings = {
				ALWAYS_SEARCH_USER_PATHS = NO;
				CLANG_ANALYZER_NONNULL = YES;
				CLANG_ANALYZER_NUMBER_OBJECT_CONVERSION = YES_AGGRESSIVE;
				CLANG_CXX_LANGUAGE_STANDARD = "gnu++14";
				CLANG_CXX_LIBRARY = "libc++";
				CLANG_ENABLE_MODULES = YES;
				CLANG_ENABLE_OBJC_ARC = YES;
				CLANG_ENABLE_OBJC_WEAK = YES;
				CLANG_WARN_BLOCK_CAPTURE_AUTORELEASING = YES;
				CLANG_WARN_BOOL_CONVERSION = YES;
				CLANG_WARN_COMMA = YES;
				CLANG_WARN_CONSTANT_CONVERSION = YES;
				CLANG_WARN_DEPRECATED_OBJC_IMPLEMENTATIONS = YES;
				CLANG_WARN_DIRECT_OBJC_ISA_USAGE = YES_ERROR;
				CLANG_WARN_DOCUMENTATION_COMMENTS = YES;
				CLANG_WARN_EMPTY_BODY = YES;
				CLANG_WARN_ENUM_CONVERSION = YES;
				CLANG_WARN_INFINITE_RECURSION = YES;
				CLANG_WARN_INT_CONVERSION = YES;
				CLANG_WARN_NON_LITERAL_NULL_CONVERSION = YES;
				CLANG_WARN_OBJC_IMPLICIT_RETAIN_SELF = YES;
				CLANG_WARN_OBJC_LITERAL_CONVERSION = YES;
				CLANG_WARN_OBJC_ROOT_CLASS = YES_ERROR;
				CLANG_WARN_RANGE_LOOP_ANALYSIS = YES;
				CLANG_WARN_STRICT_PROTOTYPES = YES;
				CLANG_WARN_SUSPICIOUS_MOVE = YES;
				CLANG_WARN_UNGUARDED_AVAILABILITY = YES_AGGRESSIVE;
				CLANG_WARN_UNREACHABLE_CODE = YES;
				CLANG_WARN__DUPLICATE_METHOD_MATCH = YES;
				COPY_PHASE_STRIP = NO;
				DEBUG_INFORMATION_FORMAT = "dwarf-with-dsym";
				ENABLE_NS_ASSERTIONS = NO;
				ENABLE_STRICT_OBJC_MSGSEND = YES;
				GCC_C_LANGUAGE_STANDARD = gnu11;
				GCC_NO_COMMON_BLOCKS = YES;
				GCC_WARN_64_TO_32_BIT_CONVERSION = YES;
				GCC_WARN_ABOUT_RETURN_TYPE = YES_ERROR;
				GCC_WARN_UNDECLARED_SELECTOR = YES;
				GCC_WARN_UNINITIALIZED_AUTOS = YES_AGGRESSIVE;
				GCC_WARN_UNUSED_FUNCTION = YES;
				GCC_WARN_UNUSED_VARIABLE = YES;
				IPHONEOS_DEPLOYMENT_TARGET = 13.2;
				MTL_ENABLE_DEBUG_INFO = NO;
				MTL_FAST_MATH = YES;
				SDKROOT = iphoneos;
				SWIFT_COMPILATION_MODE = wholemodule;
				SWIFT_OPTIMIZATION_LEVEL = "-O";
				VALIDATE_PRODUCT = YES;
			};
			name = Release;
		};
		88F5F172243322E1009B3BAE /* Debug */ = {
			isa = XCBuildConfiguration;
			baseConfigurationReference = C959E80C2FFD18E761F4F1CE /* Pods-Shared-NebulaTest.debug.xcconfig */;
			buildSettings = {
				ALWAYS_EMBED_SWIFT_STANDARD_LIBRARIES = YES;
				ASSETCATALOG_COMPILER_APPICON_NAME = AppIcon;
				CODE_SIGN_STYLE = Automatic;
				INFOPLIST_FILE = NebulaTest/Info.plist;
				IPHONEOS_DEPLOYMENT_TARGET = 11.0;
				LD_RUNPATH_SEARCH_PATHS = (
					"$(inherited)",
					"@executable_path/Frameworks",
				);
				PRODUCT_BUNDLE_IDENTIFIER = com.vodolazkyi.NebulaTest;
				PRODUCT_NAME = "$(TARGET_NAME)";
				SWIFT_VERSION = 5.0;
				TARGETED_DEVICE_FAMILY = "1,2";
			};
			name = Debug;
		};
		88F5F173243322E1009B3BAE /* Release */ = {
			isa = XCBuildConfiguration;
			baseConfigurationReference = 4E4797FEDC9791667151BC99 /* Pods-Shared-NebulaTest.release.xcconfig */;
			buildSettings = {
				ALWAYS_EMBED_SWIFT_STANDARD_LIBRARIES = YES;
				ASSETCATALOG_COMPILER_APPICON_NAME = AppIcon;
				CODE_SIGN_STYLE = Automatic;
				INFOPLIST_FILE = NebulaTest/Info.plist;
				IPHONEOS_DEPLOYMENT_TARGET = 11.0;
				LD_RUNPATH_SEARCH_PATHS = (
					"$(inherited)",
					"@executable_path/Frameworks",
				);
				PRODUCT_BUNDLE_IDENTIFIER = com.vodolazkyi.NebulaTest;
				PRODUCT_NAME = "$(TARGET_NAME)";
				SWIFT_VERSION = 5.0;
				TARGETED_DEVICE_FAMILY = "1,2";
			};
			name = Release;
		};
		88F5F183243327DE009B3BAE /* Debug */ = {
			isa = XCBuildConfiguration;
			baseConfigurationReference = 3B0F5AC8841140D73DE9EE77 /* Pods-Shared-Core.debug.xcconfig */;
			buildSettings = {
				CLANG_ENABLE_MODULES = YES;
				CODE_SIGN_STYLE = Automatic;
				CURRENT_PROJECT_VERSION = 1;
				DEFINES_MODULE = YES;
				DYLIB_COMPATIBILITY_VERSION = 1;
				DYLIB_CURRENT_VERSION = 1;
				DYLIB_INSTALL_NAME_BASE = "@rpath";
				INFOPLIST_FILE = Core/Info.plist;
				INSTALL_PATH = "$(LOCAL_LIBRARY_DIR)/Frameworks";
				IPHONEOS_DEPLOYMENT_TARGET = 11.0;
				LD_RUNPATH_SEARCH_PATHS = (
					"$(inherited)",
					"@executable_path/Frameworks",
					"@loader_path/Frameworks",
				);
				PRODUCT_BUNDLE_IDENTIFIER = com.vodolazkyi.Core;
				PRODUCT_NAME = "$(TARGET_NAME:c99extidentifier)";
				SKIP_INSTALL = YES;
				SWIFT_OPTIMIZATION_LEVEL = "-Onone";
				SWIFT_VERSION = 5.0;
				TARGETED_DEVICE_FAMILY = "1,2";
				VERSIONING_SYSTEM = "apple-generic";
				VERSION_INFO_PREFIX = "";
			};
			name = Debug;
		};
		88F5F184243327DE009B3BAE /* Release */ = {
			isa = XCBuildConfiguration;
			baseConfigurationReference = EE772FAF108B3354597C0F85 /* Pods-Shared-Core.release.xcconfig */;
			buildSettings = {
				CLANG_ENABLE_MODULES = YES;
				CODE_SIGN_STYLE = Automatic;
				CURRENT_PROJECT_VERSION = 1;
				DEFINES_MODULE = YES;
				DYLIB_COMPATIBILITY_VERSION = 1;
				DYLIB_CURRENT_VERSION = 1;
				DYLIB_INSTALL_NAME_BASE = "@rpath";
				INFOPLIST_FILE = Core/Info.plist;
				INSTALL_PATH = "$(LOCAL_LIBRARY_DIR)/Frameworks";
				IPHONEOS_DEPLOYMENT_TARGET = 11.0;
				LD_RUNPATH_SEARCH_PATHS = (
					"$(inherited)",
					"@executable_path/Frameworks",
					"@loader_path/Frameworks",
				);
				PRODUCT_BUNDLE_IDENTIFIER = com.vodolazkyi.Core;
				PRODUCT_NAME = "$(TARGET_NAME:c99extidentifier)";
				SKIP_INSTALL = YES;
				SWIFT_VERSION = 5.0;
				TARGETED_DEVICE_FAMILY = "1,2";
				VERSIONING_SYSTEM = "apple-generic";
				VERSION_INFO_PREFIX = "";
			};
			name = Release;
		};
		88F5F195243327E6009B3BAE /* Debug */ = {
			isa = XCBuildConfiguration;
			baseConfigurationReference = 112F4FF5B31700B646A15A6B /* Pods-Shared-UI.debug.xcconfig */;
			buildSettings = {
				CODE_SIGN_STYLE = Automatic;
				CURRENT_PROJECT_VERSION = 1;
				DEFINES_MODULE = YES;
				DYLIB_COMPATIBILITY_VERSION = 1;
				DYLIB_CURRENT_VERSION = 1;
				DYLIB_INSTALL_NAME_BASE = "@rpath";
				INFOPLIST_FILE = UI/Info.plist;
				INSTALL_PATH = "$(LOCAL_LIBRARY_DIR)/Frameworks";
				IPHONEOS_DEPLOYMENT_TARGET = 11.0;
				LD_RUNPATH_SEARCH_PATHS = (
					"$(inherited)",
					"@executable_path/Frameworks",
					"@loader_path/Frameworks",
				);
				PRODUCT_BUNDLE_IDENTIFIER = com.vodolazkyi.UI;
				PRODUCT_NAME = "$(TARGET_NAME:c99extidentifier)";
				SKIP_INSTALL = YES;
				SWIFT_VERSION = 5.0;
				TARGETED_DEVICE_FAMILY = "1,2";
				VERSIONING_SYSTEM = "apple-generic";
				VERSION_INFO_PREFIX = "";
			};
			name = Debug;
		};
		88F5F196243327E6009B3BAE /* Release */ = {
			isa = XCBuildConfiguration;
			baseConfigurationReference = 1DA20321F4110AEA49B99197 /* Pods-Shared-UI.release.xcconfig */;
			buildSettings = {
				CODE_SIGN_STYLE = Automatic;
				CURRENT_PROJECT_VERSION = 1;
				DEFINES_MODULE = YES;
				DYLIB_COMPATIBILITY_VERSION = 1;
				DYLIB_CURRENT_VERSION = 1;
				DYLIB_INSTALL_NAME_BASE = "@rpath";
				INFOPLIST_FILE = UI/Info.plist;
				INSTALL_PATH = "$(LOCAL_LIBRARY_DIR)/Frameworks";
				IPHONEOS_DEPLOYMENT_TARGET = 11.0;
				LD_RUNPATH_SEARCH_PATHS = (
					"$(inherited)",
					"@executable_path/Frameworks",
					"@loader_path/Frameworks",
				);
				PRODUCT_BUNDLE_IDENTIFIER = com.vodolazkyi.UI;
				PRODUCT_NAME = "$(TARGET_NAME:c99extidentifier)";
				SKIP_INSTALL = YES;
				SWIFT_VERSION = 5.0;
				TARGETED_DEVICE_FAMILY = "1,2";
				VERSIONING_SYSTEM = "apple-generic";
				VERSION_INFO_PREFIX = "";
			};
			name = Release;
		};
/* End XCBuildConfiguration section */

/* Begin XCConfigurationList section */
		88F5F158243322DF009B3BAE /* Build configuration list for PBXProject "NebulaTest" */ = {
			isa = XCConfigurationList;
			buildConfigurations = (
				88F5F16F243322E1009B3BAE /* Debug */,
				88F5F170243322E1009B3BAE /* Release */,
			);
			defaultConfigurationIsVisible = 0;
			defaultConfigurationName = Release;
		};
		88F5F171243322E1009B3BAE /* Build configuration list for PBXNativeTarget "NebulaTest" */ = {
			isa = XCConfigurationList;
			buildConfigurations = (
				88F5F172243322E1009B3BAE /* Debug */,
				88F5F173243322E1009B3BAE /* Release */,
			);
			defaultConfigurationIsVisible = 0;
			defaultConfigurationName = Release;
		};
		88F5F185243327DE009B3BAE /* Build configuration list for PBXNativeTarget "Core" */ = {
			isa = XCConfigurationList;
			buildConfigurations = (
				88F5F183243327DE009B3BAE /* Debug */,
				88F5F184243327DE009B3BAE /* Release */,
			);
			defaultConfigurationIsVisible = 0;
			defaultConfigurationName = Release;
		};
		88F5F194243327E6009B3BAE /* Build configuration list for PBXNativeTarget "UI" */ = {
			isa = XCConfigurationList;
			buildConfigurations = (
				88F5F195243327E6009B3BAE /* Debug */,
				88F5F196243327E6009B3BAE /* Release */,
			);
			defaultConfigurationIsVisible = 0;
			defaultConfigurationName = Release;
		};
/* End XCConfigurationList section */
	};
	rootObject = 88F5F155243322DF009B3BAE /* Project object */;
}
