// !$*UTF8*$!
{
	archiveVersion = 1;
	classes = {
	};
	objectVersion = 50;
	objects = {

/* Begin PBXBuildFile section */
		165F464625DEFD728A09BFD0 /* Pods_Shared_UI.framework in Frameworks */ = {isa = PBXBuildFile; fileRef = 240A5E47BD0808EF5938F7B6 /* Pods_Shared_UI.framework */; };
		4F81771AF17EBF3F640B78FC /* Pods_Shared_Core.framework in Frameworks */ = {isa = PBXBuildFile; fileRef = 7BD3360C2026DB0FD1C38A81 /* Pods_Shared_Core.framework */; };
		7C5B68F218BD8C5528E779E9 /* Pods_Shared_NebulaTest.framework in Frameworks */ = {isa = PBXBuildFile; fileRef = 62E338916D0D6A0253719BE6 /* Pods_Shared_NebulaTest.framework */; };
		88F5F161243322DF009B3BAE /* AppDelegate.swift in Sources */ = {isa = PBXBuildFile; fileRef = 88F5F160243322DF009B3BAE /* AppDelegate.swift */; };
		88F5F165243322DF009B3BAE /* ViewController.swift in Sources */ = {isa = PBXBuildFile; fileRef = 88F5F164243322DF009B3BAE /* ViewController.swift */; };
		88F5F16A243322E1009B3BAE /* Assets.xcassets in Resources */ = {isa = PBXBuildFile; fileRef = 88F5F169243322E1009B3BAE /* Assets.xcassets */; };
		88F5F16D243322E1009B3BAE /* LaunchScreen.storyboard in Resources */ = {isa = PBXBuildFile; fileRef = 88F5F16B243322E1009B3BAE /* LaunchScreen.storyboard */; };
		88F5F17D243327DE009B3BAE /* Core.h in Headers */ = {isa = PBXBuildFile; fileRef = 88F5F17B243327DE009B3BAE /* Core.h */; settings = {ATTRIBUTES = (Public, ); }; };
		88F5F180243327DE009B3BAE /* Core.framework in Frameworks */ = {isa = PBXBuildFile; fileRef = 88F5F179243327DE009B3BAE /* Core.framework */; };
		88F5F181243327DE009B3BAE /* Core.framework in Embed Frameworks */ = {isa = PBXBuildFile; fileRef = 88F5F179243327DE009B3BAE /* Core.framework */; settings = {ATTRIBUTES = (CodeSignOnCopy, RemoveHeadersOnCopy, ); }; };
		88F5F18F243327E6009B3BAE /* UI.h in Headers */ = {isa = PBXBuildFile; fileRef = 88F5F18D243327E6009B3BAE /* UI.h */; settings = {ATTRIBUTES = (Public, ); }; };
		88F5F192243327E6009B3BAE /* UI.framework in Frameworks */ = {isa = PBXBuildFile; fileRef = 88F5F18B243327E6009B3BAE /* UI.framework */; };
		88F5F193243327E6009B3BAE /* UI.framework in Embed Frameworks */ = {isa = PBXBuildFile; fileRef = 88F5F18B243327E6009B3BAE /* UI.framework */; settings = {ATTRIBUTES = (CodeSignOnCopy, RemoveHeadersOnCopy, ); }; };
/* End PBXBuildFile section */

/* Begin PBXContainerItemProxy section */
		88F5F17E243327DE009B3BAE /* PBXContainerItemProxy */ = {
			isa = PBXContainerItemProxy;
			containerPortal = 88F5F155243322DF009B3BAE /* Project object */;
			proxyType = 1;
			remoteGlobalIDString = 88F5F178243327DE009B3BAE;
			remoteInfo = Core;
		};
		88F5F190243327E6009B3BAE /* PBXContainerItemProxy */ = {
			isa = PBXContainerItemProxy;
			containerPortal = 88F5F155243322DF009B3BAE /* Project object */;
			proxyType = 1;
			remoteGlobalIDString = 88F5F18A243327E6009B3BAE;
			remoteInfo = UI;
		};
/* End PBXContainerItemProxy section */

/* Begin PBXCopyFilesBuildPhase section */
		88F5F182243327DE009B3BAE /* Embed Frameworks */ = {
			isa = PBXCopyFilesBuildPhase;
			buildActionMask = 2147483647;
			dstPath = "";
			dstSubfolderSpec = 10;
			files = (
				88F5F193243327E6009B3BAE /* UI.framework in Embed Frameworks */,
				88F5F181243327DE009B3BAE /* Core.framework in Embed Frameworks */,
			);
			name = "Embed Frameworks";
			runOnlyForDeploymentPostprocessing = 0;
		};
/* End PBXCopyFilesBuildPhase section */

/* Begin PBXFileReference section */
		112F4FF5B31700B646A15A6B /* Pods-Shared-UI.debug.xcconfig */ = {isa = PBXFileReference; includeInIndex = 1; lastKnownFileType = text.xcconfig; name = "Pods-Shared-UI.debug.xcconfig"; path = "Target Support Files/Pods-Shared-UI/Pods-Shared-UI.debug.xcconfig"; sourceTree = "<group>"; };
		1DA20321F4110AEA49B99197 /* Pods-Shared-UI.release.xcconfig */ = {isa = PBXFileReference; includeInIndex = 1; lastKnownFileType = text.xcconfig; name = "Pods-Shared-UI.release.xcconfig"; path = "Target Support Files/Pods-Shared-UI/Pods-Shared-UI.release.xcconfig"; sourceTree = "<group>"; };
		240A5E47BD0808EF5938F7B6 /* Pods_Shared_UI.framework */ = {isa = PBXFileReference; explicitFileType = wrapper.framework; includeInIndex = 0; path = Pods_Shared_UI.framework; sourceTree = BUILT_PRODUCTS_DIR; };
		3B0F5AC8841140D73DE9EE77 /* Pods-Shared-Core.debug.xcconfig */ = {isa = PBXFileReference; includeInIndex = 1; lastKnownFileType = text.xcconfig; name = "Pods-Shared-Core.debug.xcconfig"; path = "Target Support Files/Pods-Shared-Core/Pods-Shared-Core.debug.xcconfig"; sourceTree = "<group>"; };
		4E4797FEDC9791667151BC99 /* Pods-Shared-NebulaTest.release.xcconfig */ = {isa = PBXFileReference; includeInIndex = 1; lastKnownFileType = text.xcconfig; name = "Pods-Shared-NebulaTest.release.xcconfig"; path = "Target Support Files/Pods-Shared-NebulaTest/Pods-Shared-NebulaTest.release.xcconfig"; sourceTree = "<group>"; };
		62E338916D0D6A0253719BE6 /* Pods_Shared_NebulaTest.framework */ = {isa = PBXFileReference; explicitFileType = wrapper.framework; includeInIndex = 0; path = Pods_Shared_NebulaTest.framework; sourceTree = BUILT_PRODUCTS_DIR; };
		7BD3360C2026DB0FD1C38A81 /* Pods_Shared_Core.framework */ = {isa = PBXFileReference; explicitFileType = wrapper.framework; includeInIndex = 0; path = Pods_Shared_Core.framework; sourceTree = BUILT_PRODUCTS_DIR; };
		88F5F15D243322DF009B3BAE /* NebulaTest.app */ = {isa = PBXFileReference; explicitFileType = wrapper.application; includeInIndex = 0; path = NebulaTest.app; sourceTree = BUILT_PRODUCTS_DIR; };
		88F5F160243322DF009B3BAE /* AppDelegate.swift */ = {isa = PBXFileReference; lastKnownFileType = sourcecode.swift; path = AppDelegate.swift; sourceTree = "<group>"; };
		88F5F164243322DF009B3BAE /* ViewController.swift */ = {isa = PBXFileReference; lastKnownFileType = sourcecode.swift; path = ViewController.swift; sourceTree = "<group>"; };
		88F5F169243322E1009B3BAE /* Assets.xcassets */ = {isa = PBXFileReference; lastKnownFileType = folder.assetcatalog; path = Assets.xcassets; sourceTree = "<group>"; };
		88F5F16C243322E1009B3BAE /* Base */ = {isa = PBXFileReference; lastKnownFileType = file.storyboard; name = Base; path = Base.lproj/LaunchScreen.storyboard; sourceTree = "<group>"; };
		88F5F16E243322E1009B3BAE /* Info.plist */ = {isa = PBXFileReference; lastKnownFileType = text.plist.xml; path = Info.plist; sourceTree = "<group>"; };
		88F5F179243327DE009B3BAE /* Core.framework */ = {isa = PBXFileReference; explicitFileType = wrapper.framework; includeInIndex = 0; path = Core.framework; sourceTree = BUILT_PRODUCTS_DIR; };
		88F5F17B243327DE009B3BAE /* Core.h */ = {isa = PBXFileReference; lastKnownFileType = sourcecode.c.h; path = Core.h; sourceTree = "<group>"; };
		88F5F17C243327DE009B3BAE /* Info.plist */ = {isa = PBXFileReference; lastKnownFileType = text.plist.xml; path = Info.plist; sourceTree = "<group>"; };
		88F5F18B243327E6009B3BAE /* UI.framework */ = {isa = PBXFileReference; explicitFileType = wrapper.framework; includeInIndex = 0; path = UI.framework; sourceTree = BUILT_PRODUCTS_DIR; };
		88F5F18D243327E6009B3BAE /* UI.h */ = {isa = PBXFileReference; lastKnownFileType = sourcecode.c.h; path = UI.h; sourceTree = "<group>"; };
		88F5F18E243327E6009B3BAE /* Info.plist */ = {isa = PBXFileReference; lastKnownFileType = text.plist.xml; path = Info.plist; sourceTree = "<group>"; };
		C959E80C2FFD18E761F4F1CE /* Pods-Shared-NebulaTest.debug.xcconfig */ = {isa = PBXFileReference; includeInIndex = 1; lastKnownFileType = text.xcconfig; name = "Pods-Shared-NebulaTest.debug.xcconfig"; path = "Target Support Files/Pods-Shared-NebulaTest/Pods-Shared-NebulaTest.debug.xcconfig"; sourceTree = "<group>"; };
		EE772FAF108B3354597C0F85 /* Pods-Shared-Core.release.xcconfig */ = {isa = PBXFileReference; includeInIndex = 1; lastKnownFileType = text.xcconfig; name = "Pods-Shared-Core.release.xcconfig"; path = "Target Support Files/Pods-Shared-Core/Pods-Shared-Core.release.xcconfig"; sourceTree = "<group>"; };
/* End PBXFileReference section */

/* Begin PBXFrameworksBuildPhase section */
		88F5F15A243322DF009B3BAE /* Frameworks */ = {
			isa = PBXFrameworksBuildPhase;
			buildActionMask = 2147483647;
			files = (
				88F5F192243327E6009B3BAE /* UI.framework in Frameworks */,
				88F5F180243327DE009B3BAE /* Core.framework in Frameworks */,
				7C5B68F218BD8C5528E779E9 /* Pods_Shared_NebulaTest.framework in Frameworks */,
			);
			runOnlyForDeploymentPostprocessing = 0;
		};
		88F5F176243327DE009B3BAE /* Frameworks */ = {
			isa = PBXFrameworksBuildPhase;
			buildActionMask = 2147483647;
			files = (
				4F81771AF17EBF3F640B78FC /* Pods_Shared_Core.framework in Frameworks */,
			);
			runOnlyForDeploymentPostprocessing = 0;
		};
		88F5F188243327E6009B3BAE /* Frameworks */ = {
			isa = PBXFrameworksBuildPhase;
			buildActionMask = 2147483647;
			files = (
				165F464625DEFD728A09BFD0 /* Pods_Shared_UI.framework in Frameworks */,
			);
			runOnlyForDeploymentPostprocessing = 0;
		};
/* End PBXFrameworksBuildPhase section */

/* Begin PBXGroup section */
		21DF63DA8C32E23CB03C8E92 /* Frameworks */ = {
			isa = PBXGroup;
			children = (
				7BD3360C2026DB0FD1C38A81 /* Pods_Shared_Core.framework */,
				62E338916D0D6A0253719BE6 /* Pods_Shared_NebulaTest.framework */,
				240A5E47BD0808EF5938F7B6 /* Pods_Shared_UI.framework */,
			);
			name = Frameworks;
			sourceTree = "<group>";
		};
		88F5F154243322DF009B3BAE = {
			isa = PBXGroup;
			children = (
				88F5F15F243322DF009B3BAE /* NebulaTest */,
				88F5F18C243327E6009B3BAE /* UI */,
				88F5F17A243327DE009B3BAE /* Core */,
				88F5F15E243322DF009B3BAE /* Products */,
				912F34B8D1002CD0213F2BE7 /* Pods */,
				21DF63DA8C32E23CB03C8E92 /* Frameworks */,
			);
			sourceTree = "<group>";
		};
		88F5F15E243322DF009B3BAE /* Products */ = {
			isa = PBXGroup;
			children = (
				88F5F15D243322DF009B3BAE /* NebulaTest.app */,
				88F5F179243327DE009B3BAE /* Core.framework */,
				88F5F18B243327E6009B3BAE /* UI.framework */,
			);
			name = Products;
			sourceTree = "<group>";
		};
		88F5F15F243322DF009B3BAE /* NebulaTest */ = {
			isa = PBXGroup;
			children = (
				88F5F160243322DF009B3BAE /* AppDelegate.swift */,
				88F5F164243322DF009B3BAE /* ViewController.swift */,
				88F5F169243322E1009B3BAE /* Assets.xcassets */,
				88F5F16B243322E1009B3BAE /* LaunchScreen.storyboard */,
				88F5F16E243322E1009B3BAE /* Info.plist */,
			);
			path = NebulaTest;
			sourceTree = "<group>";
		};
		88F5F17A243327DE009B3BAE /* Core */ = {
			isa = PBXGroup;
			children = (
				88F5F17B243327DE009B3BAE /* Core.h */,
				88F5F17C243327DE009B3BAE /* Info.plist */,
			);
			path = Core;
			sourceTree = "<group>";
		};
		88F5F18C243327E6009B3BAE /* UI */ = {
			isa = PBXGroup;
			children = (
				88F5F18D243327E6009B3BAE /* UI.h */,
				88F5F18E243327E6009B3BAE /* Info.plist */,
			);
			path = UI;
			sourceTree = "<group>";
		};
		912F34B8D1002CD0213F2BE7 /* Pods */ = {
			isa = PBXGroup;
			children = (
				3B0F5AC8841140D73DE9EE77 /* Pods-Shared-Core.debug.xcconfig */,
				EE772FAF108B3354597C0F85 /* Pods-Shared-Core.release.xcconfig */,
				C959E80C2FFD18E761F4F1CE /* Pods-Shared-NebulaTest.debug.xcconfig */,
				4E4797FEDC9791667151BC99 /* Pods-Shared-NebulaTest.release.xcconfig */,
				112F4FF5B31700B646A15A6B /* Pods-Shared-UI.debug.xcconfig */,
				1DA20321F4110AEA49B99197 /* Pods-Shared-UI.release.xcconfig */,
			);
			name = Pods;
			path = Pods;
			sourceTree = "<group>";
		};
/* End PBXGroup section */

/* Begin PBXHeadersBuildPhase section */
		88F5F174243327DE009B3BAE /* Headers */ = {
			isa = PBXHeadersBuildPhase;
			buildActionMask = 2147483647;
			files = (
				88F5F17D243327DE009B3BAE /* Core.h in Headers */,
			);
			runOnlyForDeploymentPostprocessing = 0;
		};
		88F5F186243327E6009B3BAE /* Headers */ = {
			isa = PBXHeadersBuildPhase;
			buildActionMask = 2147483647;
			files = (
				88F5F18F243327E6009B3BAE /* UI.h in Headers */,
			);
			runOnlyForDeploymentPostprocessing = 0;
		};
/* End PBXHeadersBuildPhase section */

/* Begin PBXNativeTarget section */
		88F5F15C243322DF009B3BAE /* NebulaTest */ = {
			isa = PBXNativeTarget;
			buildConfigurationList = 88F5F171243322E1009B3BAE /* Build configuration list for PBXNativeTarget "NebulaTest" */;
			buildPhases = (
				B4D09B35D5DCE1AB2BACC4E4 /* [CP] Check Pods Manifest.lock */,
				88F5F159243322DF009B3BAE /* Sources */,
				88F5F15A243322DF009B3BAE /* Frameworks */,
				88F5F15B243322DF009B3BAE /* Resources */,
				88F5F182243327DE009B3BAE /* Embed Frameworks */,
				A90D0BF44AA9A956F085F3E4 /* [CP] Embed Pods Frameworks */,
			);
			buildRules = (
			);
			dependencies = (
				88F5F17F243327DE009B3BAE /* PBXTargetDependency */,
				88F5F191243327E6009B3BAE /* PBXTargetDependency */,
			);
			name = NebulaTest;
			productName = NebulaTest;
			productReference = 88F5F15D243322DF009B3BAE /* NebulaTest.app */;
			productType = "com.apple.product-type.application";
		};
		88F5F178243327DE009B3BAE /* Core */ = {
			isa = PBXNativeTarget;
			buildConfigurationList = 88F5F185243327DE009B3BAE /* Build configuration list for PBXNativeTarget "Core" */;
			buildPhases = (
				6E7BAC0FD9D8352F4CD22644 /* [CP] Check Pods Manifest.lock */,
				88F5F174243327DE009B3BAE /* Headers */,
				88F5F175243327DE009B3BAE /* Sources */,
				88F5F176243327DE009B3BAE /* Frameworks */,
				88F5F177243327DE009B3BAE /* Resources */,
			);
			buildRules = (
			);
			dependencies = (
			);
			name = Core;
			productName = Core;
			productReference = 88F5F179243327DE009B3BAE /* Core.framework */;
			productType = "com.apple.product-type.framework";
		};
		88F5F18A243327E6009B3BAE /* UI */ = {
			isa = PBXNativeTarget;
			buildConfigurationList = 88F5F194243327E6009B3BAE /* Build configuration list for PBXNativeTarget "UI" */;
			buildPhases = (
				CB22D1B48AF95BE337224F61 /* [CP] Check Pods Manifest.lock */,
				88F5F186243327E6009B3BAE /* Headers */,
				88F5F187243327E6009B3BAE /* Sources */,
				88F5F188243327E6009B3BAE /* Frameworks */,
				88F5F189243327E6009B3BAE /* Resources */,
			);
			buildRules = (
			);
			dependencies = (
			);
			name = UI;
			productName = UI;
			productReference = 88F5F18B243327E6009B3BAE /* UI.framework */;
			productType = "com.apple.product-type.framework";
		};
/* End PBXNativeTarget section */

/* Begin PBXProject section */
		88F5F155243322DF009B3BAE /* Project object */ = {
			isa = PBXProject;
			attributes = {
				LastSwiftUpdateCheck = 1120;
				LastUpgradeCheck = 1120;
				ORGANIZATIONNAME = Vodolazkyi;
				TargetAttributes = {
					88F5F15C243322DF009B3BAE = {
						CreatedOnToolsVersion = 11.2.1;
					};
					88F5F178243327DE009B3BAE = {
						CreatedOnToolsVersion = 11.2.1;
					};
					88F5F18A243327E6009B3BAE = {
						CreatedOnToolsVersion = 11.2.1;
					};
				};
			};
			buildConfigurationList = 88F5F158243322DF009B3BAE /* Build configuration list for PBXProject "NebulaTest" */;
			compatibilityVersion = "Xcode 9.3";
			developmentRegion = en;
			hasScannedForEncodings = 0;
			knownRegions = (
				en,
				Base,
			);
			mainGroup = 88F5F154243322DF009B3BAE;
			productRefGroup = 88F5F15E243322DF009B3BAE /* Products */;
			projectDirPath = "";
			projectRoot = "";
			targets = (
				88F5F15C243322DF009B3BAE /* NebulaTest */,
				88F5F178243327DE009B3BAE /* Core */,
				88F5F18A243327E6009B3BAE /* UI */,
			);
		};
/* End PBXProject section */

/* Begin PBXResourcesBuildPhase section */
		88F5F15B243322DF009B3BAE /* Resources */ = {
			isa = PBXResourcesBuildPhase;
			buildActionMask = 2147483647;
			files = (
				88F5F16D243322E1009B3BAE /* LaunchScreen.storyboard in Resources */,
				88F5F16A243322E1009B3BAE /* Assets.xcassets in Resources */,
			);
			runOnlyForDeploymentPostprocessing = 0;
		};
		88F5F177243327DE009B3BAE /* Resources */ = {
			isa = PBXResourcesBuildPhase;
			buildActionMask = 2147483647;
			files = (
			);
			runOnlyForDeploymentPostprocessing = 0;
		};
		88F5F189243327E6009B3BAE /* Resources */ = {
			isa = PBXResourcesBuildPhase;
			buildActionMask = 2147483647;
			files = (
			);
			runOnlyForDeploymentPostprocessing = 0;
		};
/* End PBXResourcesBuildPhase section */

/* Begin PBXShellScriptBuildPhase section */
		6E7BAC0FD9D8352F4CD22644 /* [CP] Check Pods Manifest.lock */ = {
			isa = PBXShellScriptBuildPhase;
			buildActionMask = 2147483647;
			files = (
			);
			inputFileListPaths = (
			);
			inputPaths = (
				"${PODS_PODFILE_DIR_PATH}/Podfile.lock",
				"${PODS_ROOT}/Manifest.lock",
			);
			name = "[CP] Check Pods Manifest.lock";
			outputFileListPaths = (
			);
			outputPaths = (
				"$(DERIVED_FILE_DIR)/Pods-Shared-Core-checkManifestLockResult.txt",
			);
			runOnlyForDeploymentPostprocessing = 0;
			shellPath = /bin/sh;
			shellScript = "diff \"${PODS_PODFILE_DIR_PATH}/Podfile.lock\" \"${PODS_ROOT}/Manifest.lock\" > /dev/null\nif [ $? != 0 ] ; then\n    # print error to STDERR\n    echo \"error: The sandbox is not in sync with the Podfile.lock. Run 'pod install' or update your CocoaPods installation.\" >&2\n    exit 1\nfi\n# This output is used by Xcode 'outputs' to avoid re-running this script phase.\necho \"SUCCESS\" > \"${SCRIPT_OUTPUT_FILE_0}\"\n";
			showEnvVarsInLog = 0;
		};
		A90D0BF44AA9A956F085F3E4 /* [CP] Embed Pods Frameworks */ = {
			isa = PBXShellScriptBuildPhase;
			buildActionMask = 2147483647;
			files = (
			);
			inputFileListPaths = (
				"${PODS_ROOT}/Target Support Files/Pods-Shared-NebulaTest/Pods-Shared-NebulaTest-frameworks-${CONFIGURATION}-input-files.xcfilelist",
			);
			name = "[CP] Embed Pods Frameworks";
			outputFileListPaths = (
				"${PODS_ROOT}/Target Support Files/Pods-Shared-NebulaTest/Pods-Shared-NebulaTest-frameworks-${CONFIGURATION}-output-files.xcfilelist",
			);
			runOnlyForDeploymentPostprocessing = 0;
			shellPath = /bin/sh;
			shellScript = "\"${PODS_ROOT}/Target Support Files/Pods-Shared-NebulaTest/Pods-Shared-NebulaTest-frameworks.sh\"\n";
			showEnvVarsInLog = 0;
		};
		B4D09B35D5DCE1AB2BACC4E4 /* [CP] Check Pods Manifest.lock */ = {
			isa = PBXShellScriptBuildPhase;
			buildActionMask = 2147483647;
			files = (
			);
			inputFileListPaths = (
			);
			inputPaths = (
				"${PODS_PODFILE_DIR_PATH}/Podfile.lock",
				"${PODS_ROOT}/Manifest.lock",
			);
			name = "[CP] Check Pods Manifest.lock";
			outputFileListPaths = (
			);
			outputPaths = (
				"$(DERIVED_FILE_DIR)/Pods-Shared-NebulaTest-checkManifestLockResult.txt",
			);
			runOnlyForDeploymentPostprocessing = 0;
			shellPath = /bin/sh;
			shellScript = "diff \"${PODS_PODFILE_DIR_PATH}/Podfile.lock\" \"${PODS_ROOT}/Manifest.lock\" > /dev/null\nif [ $? != 0 ] ; then\n    # print error to STDERR\n    echo \"error: The sandbox is not in sync with the Podfile.lock. Run 'pod install' or update your CocoaPods installation.\" >&2\n    exit 1\nfi\n# This output is used by Xcode 'outputs' to avoid re-running this script phase.\necho \"SUCCESS\" > \"${SCRIPT_OUTPUT_FILE_0}\"\n";
			showEnvVarsInLog = 0;
		};
		CB22D1B48AF95BE337224F61 /* [CP] Check Pods Manifest.lock */ = {
			isa = PBXShellScriptBuildPhase;
			buildActionMask = 2147483647;
			files = (
			);
			inputFileListPaths = (
			);
			inputPaths = (
				"${PODS_PODFILE_DIR_PATH}/Podfile.lock",
				"${PODS_ROOT}/Manifest.lock",
			);
			name = "[CP] Check Pods Manifest.lock";
			outputFileListPaths = (
			);
			outputPaths = (
				"$(DERIVED_FILE_DIR)/Pods-Shared-UI-checkManifestLockResult.txt",
			);
			runOnlyForDeploymentPostprocessing = 0;
			shellPath = /bin/sh;
			shellScript = "diff \"${PODS_PODFILE_DIR_PATH}/Podfile.lock\" \"${PODS_ROOT}/Manifest.lock\" > /dev/null\nif [ $? != 0 ] ; then\n    # print error to STDERR\n    echo \"error: The sandbox is not in sync with the Podfile.lock. Run 'pod install' or update your CocoaPods installation.\" >&2\n    exit 1\nfi\n# This output is used by Xcode 'outputs' to avoid re-running this script phase.\necho \"SUCCESS\" > \"${SCRIPT_OUTPUT_FILE_0}\"\n";
			showEnvVarsInLog = 0;
		};
/* End PBXShellScriptBuildPhase section */

/* Begin PBXSourcesBuildPhase section */
		88F5F159243322DF009B3BAE /* Sources */ = {
			isa = PBXSourcesBuildPhase;
			buildActionMask = 2147483647;
			files = (
				88F5F165243322DF009B3BAE /* ViewController.swift in Sources */,
				88F5F161243322DF009B3BAE /* AppDelegate.swift in Sources */,
			);
			runOnlyForDeploymentPostprocessing = 0;
		};
		88F5F175243327DE009B3BAE /* Sources */ = {
			isa = PBXSourcesBuildPhase;
			buildActionMask = 2147483647;
			files = (
			);
			runOnlyForDeploymentPostprocessing = 0;
		};
		88F5F187243327E6009B3BAE /* Sources */ = {
			isa = PBXSourcesBuildPhase;
			buildActionMask = 2147483647;
			files = (
			);
			runOnlyForDeploymentPostprocessing = 0;
		};
/* End PBXSourcesBuildPhase section */

/* Begin PBXTargetDependency section */
		88F5F17F243327DE009B3BAE /* PBXTargetDependency */ = {
			isa = PBXTargetDependency;
			target = 88F5F178243327DE009B3BAE /* Core */;
			targetProxy = 88F5F17E243327DE009B3BAE /* PBXContainerItemProxy */;
		};
		88F5F191243327E6009B3BAE /* PBXTargetDependency */ = {
			isa = PBXTargetDependency;
			target = 88F5F18A243327E6009B3BAE /* UI */;
			targetProxy = 88F5F190243327E6009B3BAE /* PBXContainerItemProxy */;
		};
/* End PBXTargetDependency section */

/* Begin PBXVariantGroup section */
		88F5F16B243322E1009B3BAE /* LaunchScreen.storyboard */ = {
			isa = PBXVariantGroup;
			children = (
				88F5F16C243322E1009B3BAE /* Base */,
			);
			name = LaunchScreen.storyboard;
			sourceTree = "<group>";
		};
/* End PBXVariantGroup section */

/* Begin XCBuildConfiguration section */
		88F5F16F243322E1009B3BAE /* Debug */ = {
			isa = XCBuildConfiguration;
			buildSettings = {
				ALWAYS_SEARCH_USER_PATHS = NO;
				CLANG_ANALYZER_NONNULL = YES;
				CLANG_ANALYZER_NUMBER_OBJECT_CONVERSION = YES_AGGRESSIVE;
				CLANG_CXX_LANGUAGE_STANDARD = "gnu++14";
				CLANG_CXX_LIBRARY = "libc++";
				CLANG_ENABLE_MODULES = YES;
				CLANG_ENABLE_OBJC_ARC = YES;
				CLANG_ENABLE_OBJC_WEAK = YES;
				CLANG_WARN_BLOCK_CAPTURE_AUTORELEASING = YES;
				CLANG_WARN_BOOL_CONVERSION = YES;
				CLANG_WARN_COMMA = YES;
				CLANG_WARN_CONSTANT_CONVERSION = YES;
				CLANG_WARN_DEPRECATED_OBJC_IMPLEMENTATIONS = YES;
				CLANG_WARN_DIRECT_OBJC_ISA_USAGE = YES_ERROR;
				CLANG_WARN_DOCUMENTATION_COMMENTS = YES;
				CLANG_WARN_EMPTY_BODY = YES;
				CLANG_WARN_ENUM_CONVERSION = YES;
				CLANG_WARN_INFINITE_RECURSION = YES;
				CLANG_WARN_INT_CONVERSION = YES;
				CLANG_WARN_NON_LITERAL_NULL_CONVERSION = YES;
				CLANG_WARN_OBJC_IMPLICIT_RETAIN_SELF = YES;
				CLANG_WARN_OBJC_LITERAL_CONVERSION = YES;
				CLANG_WARN_OBJC_ROOT_CLASS = YES_ERROR;
				CLANG_WARN_RANGE_LOOP_ANALYSIS = YES;
				CLANG_WARN_STRICT_PROTOTYPES = YES;
				CLANG_WARN_SUSPICIOUS_MOVE = YES;
				CLANG_WARN_UNGUARDED_AVAILABILITY = YES_AGGRESSIVE;
				CLANG_WARN_UNREACHABLE_CODE = YES;
				CLANG_WARN__DUPLICATE_METHOD_MATCH = YES;
				COPY_PHASE_STRIP = NO;
				DEBUG_INFORMATION_FORMAT = dwarf;
				ENABLE_STRICT_OBJC_MSGSEND = YES;
				ENABLE_TESTABILITY = YES;
				GCC_C_LANGUAGE_STANDARD = gnu11;
				GCC_DYNAMIC_NO_PIC = NO;
				GCC_NO_COMMON_BLOCKS = YES;
				GCC_OPTIMIZATION_LEVEL = 0;
				GCC_PREPROCESSOR_DEFINITIONS = (
					"DEBUG=1",
					"$(inherited)",
				);
				GCC_WARN_64_TO_32_BIT_CONVERSION = YES;
				GCC_WARN_ABOUT_RETURN_TYPE = YES_ERROR;
				GCC_WARN_UNDECLARED_SELECTOR = YES;
				GCC_WARN_UNINITIALIZED_AUTOS = YES_AGGRESSIVE;
				GCC_WARN_UNUSED_FUNCTION = YES;
				GCC_WARN_UNUSED_VARIABLE = YES;
				IPHONEOS_DEPLOYMENT_TARGET = 13.2;
				MTL_ENABLE_DEBUG_INFO = INCLUDE_SOURCE;
				MTL_FAST_MATH = YES;
				ONLY_ACTIVE_ARCH = YES;
				SDKROOT = iphoneos;
				SWIFT_ACTIVE_COMPILATION_CONDITIONS = DEBUG;
				SWIFT_OPTIMIZATION_LEVEL = "-Onone";
			};
			name = Debug;
		};
		88F5F170243322E1009B3BAE /* Release */ = {
			isa = XCBuildConfiguration;
			buildSettings = {
				ALWAYS_SEARCH_USER_PATHS = NO;
				CLANG_ANALYZER_NONNULL = YES;
				CLANG_ANALYZER_NUMBER_OBJECT_CONVERSION = YES_AGGRESSIVE;
				CLANG_CXX_LANGUAGE_STANDARD = "gnu++14";
				CLANG_CXX_LIBRARY = "libc++";
				CLANG_ENABLE_MODULES = YES;
				CLANG_ENABLE_OBJC_ARC = YES;
				CLANG_ENABLE_OBJC_WEAK = YES;
				CLANG_WARN_BLOCK_CAPTURE_AUTORELEASING = YES;
				CLANG_WARN_BOOL_CONVERSION = YES;
				CLANG_WARN_COMMA = YES;
				CLANG_WARN_CONSTANT_CONVERSION = YES;
				CLANG_WARN_DEPRECATED_OBJC_IMPLEMENTATIONS = YES;
				CLANG_WARN_DIRECT_OBJC_ISA_USAGE = YES_ERROR;
				CLANG_WARN_DOCUMENTATION_COMMENTS = YES;
				CLANG_WARN_EMPTY_BODY = YES;
				CLANG_WARN_ENUM_CONVERSION = YES;
				CLANG_WARN_INFINITE_RECURSION = YES;
				CLANG_WARN_INT_CONVERSION = YES;
				CLANG_WARN_NON_LITERAL_NULL_CONVERSION = YES;
				CLANG_WARN_OBJC_IMPLICIT_RETAIN_SELF = YES;
				CLANG_WARN_OBJC_LITERAL_CONVERSION = YES;
				CLANG_WARN_OBJC_ROOT_CLASS = YES_ERROR;
				CLANG_WARN_RANGE_LOOP_ANALYSIS = YES;
				CLANG_WARN_STRICT_PROTOTYPES = YES;
				CLANG_WARN_SUSPICIOUS_MOVE = YES;
				CLANG_WARN_UNGUARDED_AVAILABILITY = YES_AGGRESSIVE;
				CLANG_WARN_UNREACHABLE_CODE = YES;
				CLANG_WARN__DUPLICATE_METHOD_MATCH = YES;
				COPY_PHASE_STRIP = NO;
				DEBUG_INFORMATION_FORMAT = "dwarf-with-dsym";
				ENABLE_NS_ASSERTIONS = NO;
				ENABLE_STRICT_OBJC_MSGSEND = YES;
				GCC_C_LANGUAGE_STANDARD = gnu11;
				GCC_NO_COMMON_BLOCKS = YES;
				GCC_WARN_64_TO_32_BIT_CONVERSION = YES;
				GCC_WARN_ABOUT_RETURN_TYPE = YES_ERROR;
				GCC_WARN_UNDECLARED_SELECTOR = YES;
				GCC_WARN_UNINITIALIZED_AUTOS = YES_AGGRESSIVE;
				GCC_WARN_UNUSED_FUNCTION = YES;
				GCC_WARN_UNUSED_VARIABLE = YES;
				IPHONEOS_DEPLOYMENT_TARGET = 13.2;
				MTL_ENABLE_DEBUG_INFO = NO;
				MTL_FAST_MATH = YES;
				SDKROOT = iphoneos;
				SWIFT_COMPILATION_MODE = wholemodule;
				SWIFT_OPTIMIZATION_LEVEL = "-O";
				VALIDATE_PRODUCT = YES;
			};
			name = Release;
		};
		88F5F172243322E1009B3BAE /* Debug */ = {
			isa = XCBuildConfiguration;
			baseConfigurationReference = C959E80C2FFD18E761F4F1CE /* Pods-Shared-NebulaTest.debug.xcconfig */;
			buildSettings = {
				ASSETCATALOG_COMPILER_APPICON_NAME = AppIcon;
				CODE_SIGN_STYLE = Automatic;
				INFOPLIST_FILE = NebulaTest/Info.plist;
				IPHONEOS_DEPLOYMENT_TARGET = 11.0;
				LD_RUNPATH_SEARCH_PATHS = (
					"$(inherited)",
					"@executable_path/Frameworks",
				);
				PRODUCT_BUNDLE_IDENTIFIER = com.vodolazkyi.NebulaTest;
				PRODUCT_NAME = "$(TARGET_NAME)";
				SWIFT_VERSION = 5.0;
				TARGETED_DEVICE_FAMILY = "1,2";
			};
			name = Debug;
		};
		88F5F173243322E1009B3BAE /* Release */ = {
			isa = XCBuildConfiguration;
			baseConfigurationReference = 4E4797FEDC9791667151BC99 /* Pods-Shared-NebulaTest.release.xcconfig */;
			buildSettings = {
				ASSETCATALOG_COMPILER_APPICON_NAME = AppIcon;
				CODE_SIGN_STYLE = Automatic;
				INFOPLIST_FILE = NebulaTest/Info.plist;
				IPHONEOS_DEPLOYMENT_TARGET = 11.0;
				LD_RUNPATH_SEARCH_PATHS = (
					"$(inherited)",
					"@executable_path/Frameworks",
				);
				PRODUCT_BUNDLE_IDENTIFIER = com.vodolazkyi.NebulaTest;
				PRODUCT_NAME = "$(TARGET_NAME)";
				SWIFT_VERSION = 5.0;
				TARGETED_DEVICE_FAMILY = "1,2";
			};
			name = Release;
		};
		88F5F183243327DE009B3BAE /* Debug */ = {
			isa = XCBuildConfiguration;
			baseConfigurationReference = 3B0F5AC8841140D73DE9EE77 /* Pods-Shared-Core.debug.xcconfig */;
			buildSettings = {
				CODE_SIGN_STYLE = Automatic;
				CURRENT_PROJECT_VERSION = 1;
				DEFINES_MODULE = YES;
				DYLIB_COMPATIBILITY_VERSION = 1;
				DYLIB_CURRENT_VERSION = 1;
				DYLIB_INSTALL_NAME_BASE = "@rpath";
				INFOPLIST_FILE = Core/Info.plist;
				INSTALL_PATH = "$(LOCAL_LIBRARY_DIR)/Frameworks";
				LD_RUNPATH_SEARCH_PATHS = (
					"$(inherited)",
					"@executable_path/Frameworks",
					"@loader_path/Frameworks",
				);
				PRODUCT_BUNDLE_IDENTIFIER = com.vodolazkyi.Core;
				PRODUCT_NAME = "$(TARGET_NAME:c99extidentifier)";
				SKIP_INSTALL = YES;
				SWIFT_VERSION = 5.0;
				TARGETED_DEVICE_FAMILY = "1,2";
				VERSIONING_SYSTEM = "apple-generic";
				VERSION_INFO_PREFIX = "";
			};
			name = Debug;
		};
		88F5F184243327DE009B3BAE /* Release */ = {
			isa = XCBuildConfiguration;
			baseConfigurationReference = EE772FAF108B3354597C0F85 /* Pods-Shared-Core.release.xcconfig */;
			buildSettings = {
				CODE_SIGN_STYLE = Automatic;
				CURRENT_PROJECT_VERSION = 1;
				DEFINES_MODULE = YES;
				DYLIB_COMPATIBILITY_VERSION = 1;
				DYLIB_CURRENT_VERSION = 1;
				DYLIB_INSTALL_NAME_BASE = "@rpath";
				INFOPLIST_FILE = Core/Info.plist;
				INSTALL_PATH = "$(LOCAL_LIBRARY_DIR)/Frameworks";
				LD_RUNPATH_SEARCH_PATHS = (
					"$(inherited)",
					"@executable_path/Frameworks",
					"@loader_path/Frameworks",
				);
				PRODUCT_BUNDLE_IDENTIFIER = com.vodolazkyi.Core;
				PRODUCT_NAME = "$(TARGET_NAME:c99extidentifier)";
				SKIP_INSTALL = YES;
				SWIFT_VERSION = 5.0;
				TARGETED_DEVICE_FAMILY = "1,2";
				VERSIONING_SYSTEM = "apple-generic";
				VERSION_INFO_PREFIX = "";
			};
			name = Release;
		};
		88F5F195243327E6009B3BAE /* Debug */ = {
			isa = XCBuildConfiguration;
			baseConfigurationReference = 112F4FF5B31700B646A15A6B /* Pods-Shared-UI.debug.xcconfig */;
			buildSettings = {
				CODE_SIGN_STYLE = Automatic;
				CURRENT_PROJECT_VERSION = 1;
				DEFINES_MODULE = YES;
				DYLIB_COMPATIBILITY_VERSION = 1;
				DYLIB_CURRENT_VERSION = 1;
				DYLIB_INSTALL_NAME_BASE = "@rpath";
				INFOPLIST_FILE = UI/Info.plist;
				INSTALL_PATH = "$(LOCAL_LIBRARY_DIR)/Frameworks";
				LD_RUNPATH_SEARCH_PATHS = (
					"$(inherited)",
					"@executable_path/Frameworks",
					"@loader_path/Frameworks",
				);
				PRODUCT_BUNDLE_IDENTIFIER = com.vodolazkyi.UI;
				PRODUCT_NAME = "$(TARGET_NAME:c99extidentifier)";
				SKIP_INSTALL = YES;
				SWIFT_VERSION = 5.0;
				TARGETED_DEVICE_FAMILY = "1,2";
				VERSIONING_SYSTEM = "apple-generic";
				VERSION_INFO_PREFIX = "";
			};
			name = Debug;
		};
		88F5F196243327E6009B3BAE /* Release */ = {
			isa = XCBuildConfiguration;
			baseConfigurationReference = 1DA20321F4110AEA49B99197 /* Pods-Shared-UI.release.xcconfig */;
			buildSettings = {
				CODE_SIGN_STYLE = Automatic;
				CURRENT_PROJECT_VERSION = 1;
				DEFINES_MODULE = YES;
				DYLIB_COMPATIBILITY_VERSION = 1;
				DYLIB_CURRENT_VERSION = 1;
				DYLIB_INSTALL_NAME_BASE = "@rpath";
				INFOPLIST_FILE = UI/Info.plist;
				INSTALL_PATH = "$(LOCAL_LIBRARY_DIR)/Frameworks";
				LD_RUNPATH_SEARCH_PATHS = (
					"$(inherited)",
					"@executable_path/Frameworks",
					"@loader_path/Frameworks",
				);
				PRODUCT_BUNDLE_IDENTIFIER = com.vodolazkyi.UI;
				PRODUCT_NAME = "$(TARGET_NAME:c99extidentifier)";
				SKIP_INSTALL = YES;
				SWIFT_VERSION = 5.0;
				TARGETED_DEVICE_FAMILY = "1,2";
				VERSIONING_SYSTEM = "apple-generic";
				VERSION_INFO_PREFIX = "";
			};
			name = Release;
		};
/* End XCBuildConfiguration section */

/* Begin XCConfigurationList section */
		88F5F158243322DF009B3BAE /* Build configuration list for PBXProject "NebulaTest" */ = {
			isa = XCConfigurationList;
			buildConfigurations = (
				88F5F16F243322E1009B3BAE /* Debug */,
				88F5F170243322E1009B3BAE /* Release */,
			);
			defaultConfigurationIsVisible = 0;
			defaultConfigurationName = Release;
		};
		88F5F171243322E1009B3BAE /* Build configuration list for PBXNativeTarget "NebulaTest" */ = {
			isa = XCConfigurationList;
			buildConfigurations = (
				88F5F172243322E1009B3BAE /* Debug */,
				88F5F173243322E1009B3BAE /* Release */,
			);
			defaultConfigurationIsVisible = 0;
			defaultConfigurationName = Release;
		};
		88F5F185243327DE009B3BAE /* Build configuration list for PBXNativeTarget "Core" */ = {
			isa = XCConfigurationList;
			buildConfigurations = (
				88F5F183243327DE009B3BAE /* Debug */,
				88F5F184243327DE009B3BAE /* Release */,
			);
			defaultConfigurationIsVisible = 0;
			defaultConfigurationName = Release;
		};
		88F5F194243327E6009B3BAE /* Build configuration list for PBXNativeTarget "UI" */ = {
			isa = XCConfigurationList;
			buildConfigurations = (
				88F5F195243327E6009B3BAE /* Debug */,
				88F5F196243327E6009B3BAE /* Release */,
			);
			defaultConfigurationIsVisible = 0;
			defaultConfigurationName = Release;
		};
/* End XCConfigurationList section */
	};
	rootObject = 88F5F155243322DF009B3BAE /* Project object */;
}
